// !$*UTF8*$!
{
	archiveVersion = 1;
	classes = {
	};
	objectVersion = 46;
	objects = {

/* Begin PBXBuildFile section */
		7E6E481E263742F9A0C55CB8 /* libPods-AppNetCheckerTests.a in Frameworks */ = {isa = PBXBuildFile; fileRef = 164169FAEA284DC88A60012F /* libPods-AppNetCheckerTests.a */; };
		BB8510936A1227409302F8C4 /* QuartzCore.framework in Frameworks */ = {isa = PBXBuildFile; fileRef = BB85110C2A4E6C2116D6E14B /* QuartzCore.framework */; };
		BB8510D9E7755A6AAC92ECFC /* app.net.notexists.html in Resources */ = {isa = PBXBuildFile; fileRef = BB8517A0667A6E7C6ABDC303 /* app.net.notexists.html */; };
		BB85116024DD5A6AF11B6718 /* Localizable.strings in Resources */ = {isa = PBXBuildFile; fileRef = BB851D89552ADE90B1155662 /* Localizable.strings */; };
		BB85179529F415E85065EACC /* GVUserDefaults+Properties.m in Sources */ = {isa = PBXBuildFile; fileRef = BB851B587C270DC4A1943609 /* GVUserDefaults+Properties.m */; };
		BB8518E58BD63465DD4466CC /* XIGSemiModalController.m in Sources */ = {isa = PBXBuildFile; fileRef = BB851CBF1C8FE6C4C8DD6D1F /* XIGSemiModalController.m */; };
		BB851BC2F4B3989EFD77A9A7 /* app.net.exists.html in Resources */ = {isa = PBXBuildFile; fileRef = BB8511A1195712608D1ED2B7 /* app.net.exists.html */; };
		BB851EB2BD45427F2DE1C8FE /* XIGHelpButton.m in Sources */ = {isa = PBXBuildFile; fileRef = BB85144EB0015B9E950A1B82 /* XIGHelpButton.m */; };
		BB851ECE45FDF6558A611194 /* XIGHelpViewController.m in Sources */ = {isa = PBXBuildFile; fileRef = BB851AF3B1825446C7E0E96C /* XIGHelpViewController.m */; };
		C28CEACFFAEB49CD958D3A20 /* libPods.a in Frameworks */ = {isa = PBXBuildFile; fileRef = 773C3C7EAB274B1BA845227F /* libPods.a */; };
		F901A88716D7B2EB00F17C81 /* lookup.json in Resources */ = {isa = PBXBuildFile; fileRef = F901A88616D7B2EB00F17C81 /* lookup.json */; };
		F901A88A16D7B91200F17C81 /* XIGTwitterUser.m in Sources */ = {isa = PBXBuildFile; fileRef = F901A88916D7B91200F17C81 /* XIGTwitterUser.m */; };
		F901A88C16D7B97F00F17C81 /* XIGTwitterUserSpec.m in Sources */ = {isa = PBXBuildFile; fileRef = F901A88B16D7B97F00F17C81 /* XIGTwitterUserSpec.m */; };
		F901A88E16D7BAD900F17C81 /* twitterUser.json in Resources */ = {isa = PBXBuildFile; fileRef = F901A88D16D7BAD900F17C81 /* twitterUser.json */; };
		F90C201916C8BC4F00F29905 /* Social.framework in Frameworks */ = {isa = PBXBuildFile; fileRef = F97B555F16C79D4A005AD777 /* Social.framework */; };
		F90C201C16C8BC8600F29905 /* UIViewController+SLServiceHack.m in Sources */ = {isa = PBXBuildFile; fileRef = F90C201B16C8BC8600F29905 /* UIViewController+SLServiceHack.m */; };
		F90C202016C8E09100F29905 /* Social.framework in Frameworks */ = {isa = PBXBuildFile; fileRef = F97B555F16C79D4A005AD777 /* Social.framework */; };
		F90C202316C8EF3100F29905 /* XIGAccountErrorCell.m in Sources */ = {isa = PBXBuildFile; fileRef = F90C202216C8EF3100F29905 /* XIGAccountErrorCell.m */; };
		F917B55B16E3715900A8ABE8 /* UIBarButtonItem+XIGItem.m in Sources */ = {isa = PBXBuildFile; fileRef = F917B55A16E3715900A8ABE8 /* UIBarButtonItem+XIGItem.m */; };
		F951B82E16D8EA7E00BB4B32 /* XIGArraySliceSpec.m in Sources */ = {isa = PBXBuildFile; fileRef = F951B82D16D8EA7E00BB4B32 /* XIGArraySliceSpec.m */; };
		F951B83116D8EA9F00BB4B32 /* NSArray+JGSlice.m in Sources */ = {isa = PBXBuildFile; fileRef = F951B83016D8EA9F00BB4B32 /* NSArray+JGSlice.m */; };
		F951B83316D9E99800BB4B32 /* SystemConfiguration.framework in Frameworks */ = {isa = PBXBuildFile; fileRef = F951B83216D9E99800BB4B32 /* SystemConfiguration.framework */; };
		F951B83416D9E9A700BB4B32 /* SystemConfiguration.framework in Frameworks */ = {isa = PBXBuildFile; fileRef = F951B83216D9E99800BB4B32 /* SystemConfiguration.framework */; };
		F951B83616D9E9C600BB4B32 /* MobileCoreServices.framework in Frameworks */ = {isa = PBXBuildFile; fileRef = F951B83516D9E9C600BB4B32 /* MobileCoreServices.framework */; };
		F951B83716D9E9D100BB4B32 /* MobileCoreServices.framework in Frameworks */ = {isa = PBXBuildFile; fileRef = F951B83516D9E9C600BB4B32 /* MobileCoreServices.framework */; };
		F951B83916D9EA3600BB4B32 /* XIGTwitterUserCellSpec.m in Sources */ = {isa = PBXBuildFile; fileRef = F951B83816D9EA3600BB4B32 /* XIGTwitterUserCellSpec.m */; };
		F951B83C16D9EA5400BB4B32 /* XIGTwitterUserCell.m in Sources */ = {isa = PBXBuildFile; fileRef = F951B83B16D9EA5400BB4B32 /* XIGTwitterUserCell.m */; };
		F951B83F16D9ECA800BB4B32 /* UIView+JGLoadFromNib.m in Sources */ = {isa = PBXBuildFile; fileRef = F951B83E16D9ECA800BB4B32 /* UIView+JGLoadFromNib.m */; };
		F951B84116D9ED0600BB4B32 /* XIGTwitterUserCell.xib in Resources */ = {isa = PBXBuildFile; fileRef = F951B84016D9ED0600BB4B32 /* XIGTwitterUserCell.xib */; };
		F951B84316D9F59900BB4B32 /* XIGTwitterUserTableViewControllerSpec.m in Sources */ = {isa = PBXBuildFile; fileRef = F951B84216D9F59900BB4B32 /* XIGTwitterUserTableViewControllerSpec.m */; };
		F951B84616D9F5E000BB4B32 /* XIGTwitterUsersTableViewController.m in Sources */ = {isa = PBXBuildFile; fileRef = F951B84516D9F5E000BB4B32 /* XIGTwitterUsersTableViewController.m */; };
		F951B84816D9FB6800BB4B32 /* XIGTwitterClientGetFriendsSpec.m in Sources */ = {isa = PBXBuildFile; fileRef = F951B84716D9FB6800BB4B32 /* XIGTwitterClientGetFriendsSpec.m */; };
		F951B84C16D9FD7B00BB4B32 /* friendsIdPage1.json in Resources */ = {isa = PBXBuildFile; fileRef = F951B84B16D9FD7B00BB4B32 /* friendsIdPage1.json */; };
		F951B84E16D9FD9D00BB4B32 /* friendsIdPage2.json in Resources */ = {isa = PBXBuildFile; fileRef = F951B84D16D9FD9D00BB4B32 /* friendsIdPage2.json */; };
		F951B85016D9FE4100BB4B32 /* lookup12.json in Resources */ = {isa = PBXBuildFile; fileRef = F951B84F16D9FE4100BB4B32 /* lookup12.json */; };
		F951B85216D9FEE400BB4B32 /* lookup34.json in Resources */ = {isa = PBXBuildFile; fileRef = F951B85116D9FEE400BB4B32 /* lookup34.json */; };
		F951B85416D9FF1C00BB4B32 /* lookup56.json in Resources */ = {isa = PBXBuildFile; fileRef = F951B85316D9FF1B00BB4B32 /* lookup56.json */; };
		F951B85616D9FF4800BB4B32 /* lookup7.json in Resources */ = {isa = PBXBuildFile; fileRef = F951B85516D9FF4800BB4B32 /* lookup7.json */; };
		F96CDC1716EC5DA900D03306 /* BackArrow.png in Resources */ = {isa = PBXBuildFile; fileRef = F96CDC1516EC5DA900D03306 /* BackArrow.png */; };
		F96CDC1816EC5DA900D03306 /* BackArrow@2x.png in Resources */ = {isa = PBXBuildFile; fileRef = F96CDC1616EC5DA900D03306 /* BackArrow@2x.png */; };
		F96CDC2316EC652A00D03306 /* empty.png in Resources */ = {isa = PBXBuildFile; fileRef = F96CDC2116EC652A00D03306 /* empty.png */; };
		F96CDC2416EC652A00D03306 /* empty@2x.png in Resources */ = {isa = PBXBuildFile; fileRef = F96CDC2216EC652A00D03306 /* empty@2x.png */; };
		F96CDC2A16ECA84800D03306 /* Flat-UI-Icons-24.ttf in Resources */ = {isa = PBXBuildFile; fileRef = F96CDC2916ECA84800D03306 /* Flat-UI-Icons-24.ttf */; };
		F96CDC2F16ECADD600D03306 /* app.net-logo.png in Resources */ = {isa = PBXBuildFile; fileRef = F96CDC2B16ECADD600D03306 /* app.net-logo.png */; };
		F96CDC3016ECADD600D03306 /* app.net-logo@2x.png in Resources */ = {isa = PBXBuildFile; fileRef = F96CDC2C16ECADD600D03306 /* app.net-logo@2x.png */; };
		F96CDC3116ECADD600D03306 /* twitter-logo.png in Resources */ = {isa = PBXBuildFile; fileRef = F96CDC2D16ECADD600D03306 /* twitter-logo.png */; };
		F96CDC3216ECADD600D03306 /* twitter-logo@2x.png in Resources */ = {isa = PBXBuildFile; fileRef = F96CDC2E16ECADD600D03306 /* twitter-logo@2x.png */; };
		F97B551616C7752A005AD777 /* UIKit.framework in Frameworks */ = {isa = PBXBuildFile; fileRef = F97B551516C7752A005AD777 /* UIKit.framework */; };
		F97B551816C7752A005AD777 /* Foundation.framework in Frameworks */ = {isa = PBXBuildFile; fileRef = F97B551716C7752A005AD777 /* Foundation.framework */; };
		F97B551A16C7752A005AD777 /* CoreGraphics.framework in Frameworks */ = {isa = PBXBuildFile; fileRef = F97B551916C7752A005AD777 /* CoreGraphics.framework */; };
		F97B552016C7752A005AD777 /* InfoPlist.strings in Resources */ = {isa = PBXBuildFile; fileRef = F97B551E16C7752A005AD777 /* InfoPlist.strings */; };
		F97B552216C7752A005AD777 /* main.m in Sources */ = {isa = PBXBuildFile; fileRef = F97B552116C7752A005AD777 /* main.m */; };
		F97B552616C7752A005AD777 /* XIGAppDelegate.m in Sources */ = {isa = PBXBuildFile; fileRef = F97B552516C7752A005AD777 /* XIGAppDelegate.m */; };
		F97B552816C7752A005AD777 /* Default.png in Resources */ = {isa = PBXBuildFile; fileRef = F97B552716C7752A005AD777 /* Default.png */; };
		F97B552A16C7752A005AD777 /* Default@2x.png in Resources */ = {isa = PBXBuildFile; fileRef = F97B552916C7752A005AD777 /* Default@2x.png */; };
		F97B552C16C7752A005AD777 /* Default-568h@2x.png in Resources */ = {isa = PBXBuildFile; fileRef = F97B552B16C7752A005AD777 /* Default-568h@2x.png */; };
		F97B552F16C7752A005AD777 /* MainStoryboard.storyboard in Resources */ = {isa = PBXBuildFile; fileRef = F97B552D16C7752A005AD777 /* MainStoryboard.storyboard */; };
		F97B553D16C7752A005AD777 /* SenTestingKit.framework in Frameworks */ = {isa = PBXBuildFile; fileRef = F97B553C16C7752A005AD777 /* SenTestingKit.framework */; };
		F97B553E16C7752A005AD777 /* UIKit.framework in Frameworks */ = {isa = PBXBuildFile; fileRef = F97B551516C7752A005AD777 /* UIKit.framework */; };
		F97B553F16C7752A005AD777 /* Foundation.framework in Frameworks */ = {isa = PBXBuildFile; fileRef = F97B551716C7752A005AD777 /* Foundation.framework */; };
		F97B554716C7752A005AD777 /* InfoPlist.strings in Resources */ = {isa = PBXBuildFile; fileRef = F97B554516C7752A005AD777 /* InfoPlist.strings */; };
		F97B555616C77FCB005AD777 /* XIGTwitterAccountStore.m in Sources */ = {isa = PBXBuildFile; fileRef = F97B555516C77FCB005AD777 /* XIGTwitterAccountStore.m */; };
		F97B555916C78046005AD777 /* Accounts.framework in Frameworks */ = {isa = PBXBuildFile; fileRef = F97B555716C78034005AD777 /* Accounts.framework */; };
		F97B555D16C78F41005AD777 /* XIGTwitterAccountStoreSpec.m in Sources */ = {isa = PBXBuildFile; fileRef = F97B555C16C78F41005AD777 /* XIGTwitterAccountStoreSpec.m */; };
		F97B556116C79DF8005AD777 /* Accounts.framework in Frameworks */ = {isa = PBXBuildFile; fileRef = F97B555716C78034005AD777 /* Accounts.framework */; };
		F97B556416C7A469005AD777 /* FakeAccountStore.m in Sources */ = {isa = PBXBuildFile; fileRef = F97B556316C7A469005AD777 /* FakeAccountStore.m */; };
		F97B556716C7AB2C005AD777 /* XIGAccountPickerViewController.m in Sources */ = {isa = PBXBuildFile; fileRef = F97B556616C7AB2C005AD777 /* XIGAccountPickerViewController.m */; };
		F97B556E16C7AC5F005AD777 /* XIGAccountPickerSpec.m in Sources */ = {isa = PBXBuildFile; fileRef = F97B556D16C7AC5F005AD777 /* XIGAccountPickerSpec.m */; };
		F97B557016C7ACB0005AD777 /* UIStoryboardSpec.m in Sources */ = {isa = PBXBuildFile; fileRef = F97B556F16C7ACB0005AD777 /* UIStoryboardSpec.m */; };
		F97B557316C7AD5A005AD777 /* UIStoryboard+AppNetChecker.m in Sources */ = {isa = PBXBuildFile; fileRef = F97B557216C7AD5A005AD777 /* UIStoryboard+AppNetChecker.m */; };
		F982C4CF16D0C3AD00B7B9A3 /* CFNetwork.framework in Frameworks */ = {isa = PBXBuildFile; fileRef = F982C4CE16D0C3AD00B7B9A3 /* CFNetwork.framework */; };
		F991A61616CB802C00BDB36F /* friendsId.json in Resources */ = {isa = PBXBuildFile; fileRef = F991A61516CB802C00BDB36F /* friendsId.json */; };
		F991A61916CB809C00BDB36F /* KWSpec+Fixture.m in Sources */ = {isa = PBXBuildFile; fileRef = F991A61816CB809C00BDB36F /* KWSpec+Fixture.m */; };
		F991A61B16CBBF7B00BDB36F /* friendsIdWithNextPage.json in Resources */ = {isa = PBXBuildFile; fileRef = F991A61A16CBBF7B00BDB36F /* friendsIdWithNextPage.json */; };
		F99F64D416E8D74800ABC8CC /* XIGTwitterAccountCell.m in Sources */ = {isa = PBXBuildFile; fileRef = F99F64D316E8D74800ABC8CC /* XIGTwitterAccountCell.m */; };
		F9A4D0C816E1BC35005D3EE5 /* XIGAppNetUserSpec.m in Sources */ = {isa = PBXBuildFile; fileRef = F9A4D0C716E1BC35005D3EE5 /* XIGAppNetUserSpec.m */; };
		F9A4D0CB16E1BC54005D3EE5 /* XIGAppNetUser.m in Sources */ = {isa = PBXBuildFile; fileRef = F9A4D0CA16E1BC54005D3EE5 /* XIGAppNetUser.m */; };
		F9A4D0CE16E1E497005D3EE5 /* XIGUserMatcher.m in Sources */ = {isa = PBXBuildFile; fileRef = F9A4D0CD16E1E497005D3EE5 /* XIGUserMatcher.m */; };
		F9ACF72616C8F99700539A23 /* XIGAccountErrorCellSpec.m in Sources */ = {isa = PBXBuildFile; fileRef = F9ACF72516C8F99700539A23 /* XIGAccountErrorCellSpec.m */; };
		F9ACF72816C901FB00539A23 /* CoreGraphics.framework in Frameworks */ = {isa = PBXBuildFile; fileRef = F97B551916C7752A005AD777 /* CoreGraphics.framework */; };
		F9B29D6816EF7B9000D16434 /* TFHpple.m in Sources */ = {isa = PBXBuildFile; fileRef = F9B29D6316EF7B9000D16434 /* TFHpple.m */; };
		F9B29D6916EF7B9000D16434 /* TFHppleElement.m in Sources */ = {isa = PBXBuildFile; fileRef = F9B29D6516EF7B9000D16434 /* TFHppleElement.m */; };
		F9B29D6A16EF7B9000D16434 /* XPathQuery.m in Sources */ = {isa = PBXBuildFile; fileRef = F9B29D6716EF7B9000D16434 /* XPathQuery.m */; };
		F9B29D6E16EF7CF500D16434 /* libxml2.dylib in Frameworks */ = {isa = PBXBuildFile; fileRef = F9B29D6D16EF7CF500D16434 /* libxml2.dylib */; };
		F9BBFF6116CA77E300CEE372 /* XIGNSURLRequestBuilder.m in Sources */ = {isa = PBXBuildFile; fileRef = F9BBFF6016CA77E300CEE372 /* XIGNSURLRequestBuilder.m */; };
		F9BBFF6316CA782A00CEE372 /* XIGNSURLRequestBuilderSpec.m in Sources */ = {isa = PBXBuildFile; fileRef = F9BBFF6216CA782A00CEE372 /* XIGNSURLRequestBuilderSpec.m */; };
		F9BBFF6616CA79D900CEE372 /* ACAccount+XIGTest.m in Sources */ = {isa = PBXBuildFile; fileRef = F9BBFF6516CA79D900CEE372 /* ACAccount+XIGTest.m */; };
		F9BC705016FC451C00BCF03B /* default-avatar.png in Resources */ = {isa = PBXBuildFile; fileRef = F9BC704E16FC451C00BCF03B /* default-avatar.png */; };
		F9BC705116FC451C00BCF03B /* default-avatar@2x.png in Resources */ = {isa = PBXBuildFile; fileRef = F9BC704F16FC451C00BCF03B /* default-avatar@2x.png */; };
		F9C37F0B16D666E400955CE1 /* XIGTwitterClientGetProfilesSpec.m in Sources */ = {isa = PBXBuildFile; fileRef = F9C37F0A16D666E400955CE1 /* XIGTwitterClientGetProfilesSpec.m */; };
		F9D2E4D616EADAE4006A1A06 /* YanoneKaffeesatz-Thin.ttf in Resources */ = {isa = PBXBuildFile; fileRef = F9D2E4D516EADAE4006A1A06 /* YanoneKaffeesatz-Thin.ttf */; };
		F9D2E4DA16EADB0F006A1A06 /* UIFont+XIGAppNetChecker.m in Sources */ = {isa = PBXBuildFile; fileRef = F9D2E4D916EADB0F006A1A06 /* UIFont+XIGAppNetChecker.m */; };
		F9D2E4E116EADD14006A1A06 /* YanoneKaffeesatz-Bold.ttf in Resources */ = {isa = PBXBuildFile; fileRef = F9D2E4DE16EADD14006A1A06 /* YanoneKaffeesatz-Bold.ttf */; };
		F9D2E4E216EADD14006A1A06 /* YanoneKaffeesatz-Light.ttf in Resources */ = {isa = PBXBuildFile; fileRef = F9D2E4DF16EADD14006A1A06 /* YanoneKaffeesatz-Light.ttf */; };
		F9D2E4E316EADD14006A1A06 /* YanoneKaffeesatz-Regular.ttf in Resources */ = {isa = PBXBuildFile; fileRef = F9D2E4E016EADD14006A1A06 /* YanoneKaffeesatz-Regular.ttf */; };
		F9D52EB816CA02B800ABC885 /* XIGTwitterClientGetIdsSpec.m in Sources */ = {isa = PBXBuildFile; fileRef = F9D52EB716CA02B800ABC885 /* XIGTwitterClientGetIdsSpec.m */; };
		F9D52EBB16CA043700ABC885 /* XIGTwitterClient.m in Sources */ = {isa = PBXBuildFile; fileRef = F9D52EBA16CA043700ABC885 /* XIGTwitterClient.m */; };
		F9D52ECB16CA225700ABC885 /* NSObject+XIGKiwiMockAddition.m in Sources */ = {isa = PBXBuildFile; fileRef = F9D52ECA16CA225700ABC885 /* NSObject+XIGKiwiMockAddition.m */; };
		F9D5E94216E0F11E00839FE5 /* XIGAppNetClientSpec.m in Sources */ = {isa = PBXBuildFile; fileRef = F9D5E94116E0F11E00839FE5 /* XIGAppNetClientSpec.m */; };
		F9D5E94516E0F14B00839FE5 /* XIGAppNetClient.m in Sources */ = {isa = PBXBuildFile; fileRef = F9D5E94416E0F14B00839FE5 /* XIGAppNetClient.m */; };
		F9D5E94C16E0FCA600839FE5 /* app.net.doesnotexist.txt in Resources */ = {isa = PBXBuildFile; fileRef = F9D5E94A16E0FCA600839FE5 /* app.net.doesnotexist.txt */; };
		F9D5E94D16E0FCA600839FE5 /* app.net.matt.txt in Resources */ = {isa = PBXBuildFile; fileRef = F9D5E94B16E0FCA600839FE5 /* app.net.matt.txt */; };
		F9E76F9B16E356A6003E1B26 /* NSIndexPath+XIGRange.m in Sources */ = {isa = PBXBuildFile; fileRef = F9E76F9A16E356A6003E1B26 /* NSIndexPath+XIGRange.m */; };
		F9ED15AB16EB3A29008E8404 /* logo@2x.png in Resources */ = {isa = PBXBuildFile; fileRef = F9ED15A616EB3A29008E8404 /* logo@2x.png */; };
		F9ED15AC16EB3A29008E8404 /* NavigationBar.png in Resources */ = {isa = PBXBuildFile; fileRef = F9ED15A716EB3A29008E8404 /* NavigationBar.png */; };
		F9ED15AD16EB3A29008E8404 /* NavigationBar@2x.png in Resources */ = {isa = PBXBuildFile; fileRef = F9ED15A816EB3A29008E8404 /* NavigationBar@2x.png */; };
		F9ED15AE16EB3A29008E8404 /* ToolBar.png in Resources */ = {isa = PBXBuildFile; fileRef = F9ED15A916EB3A29008E8404 /* ToolBar.png */; };
		F9ED15AF16EB3A29008E8404 /* ToolBar@2x.png in Resources */ = {isa = PBXBuildFile; fileRef = F9ED15AA16EB3A29008E8404 /* ToolBar@2x.png */; };
		F9ED15B316EB3A4D008E8404 /* UIColor+XIGAppNetChecker.m in Sources */ = {isa = PBXBuildFile; fileRef = F9ED15B216EB3A4D008E8404 /* UIColor+XIGAppNetChecker.m */; };
		F9ED15B716EB4131008E8404 /* UITableView+XIGBackgroundView.m in Sources */ = {isa = PBXBuildFile; fileRef = F9ED15B616EB4131008E8404 /* UITableView+XIGBackgroundView.m */; };
		F9ED15BA16EB4185008E8404 /* XIGTableViewController.m in Sources */ = {isa = PBXBuildFile; fileRef = F9ED15B916EB4185008E8404 /* XIGTableViewController.m */; };
		F9ED15BD16EB7FE6008E8404 /* UIColor+XIGColorManipulation.m in Sources */ = {isa = PBXBuildFile; fileRef = F9ED15BC16EB7FE6008E8404 /* UIColor+XIGColorManipulation.m */; };
		F9FC0C6F16DCEABF00B45347 /* XIGTwitterUser+XIGTest.m in Sources */ = {isa = PBXBuildFile; fileRef = F9FC0C6E16DCEABF00B45347 /* XIGTwitterUser+XIGTest.m */; };
/* End PBXBuildFile section */

/* Begin PBXContainerItemProxy section */
		F97B554016C7752A005AD777 /* PBXContainerItemProxy */ = {
			isa = PBXContainerItemProxy;
			containerPortal = F97B550A16C7752A005AD777 /* Project object */;
			proxyType = 1;
			remoteGlobalIDString = F97B551116C7752A005AD777;
			remoteInfo = AppNetChecker;
		};
/* End PBXContainerItemProxy section */

/* Begin PBXFileReference section */
		164169FAEA284DC88A60012F /* libPods-AppNetCheckerTests.a */ = {isa = PBXFileReference; explicitFileType = archive.ar; includeInIndex = 0; path = "libPods-AppNetCheckerTests.a"; sourceTree = BUILT_PRODUCTS_DIR; };
		773C3C7EAB274B1BA845227F /* libPods.a */ = {isa = PBXFileReference; explicitFileType = archive.ar; includeInIndex = 0; path = libPods.a; sourceTree = BUILT_PRODUCTS_DIR; };
		77644BD0F970460FAC7B1976 /* Pods.xcconfig */ = {isa = PBXFileReference; includeInIndex = 1; lastKnownFileType = text.xcconfig; name = Pods.xcconfig; path = Pods/Pods.xcconfig; sourceTree = SOURCE_ROOT; };
		9DDEF45281FD4CE59F75EA06 /* Pods-AppNetCheckerTests.xcconfig */ = {isa = PBXFileReference; includeInIndex = 1; lastKnownFileType = text.xcconfig; name = "Pods-AppNetCheckerTests.xcconfig"; path = "Pods/Pods-AppNetCheckerTests.xcconfig"; sourceTree = SOURCE_ROOT; };
		BB85110C2A4E6C2116D6E14B /* QuartzCore.framework */ = {isa = PBXFileReference; lastKnownFileType = wrapper.framework; name = QuartzCore.framework; path = System/Library/Frameworks/QuartzCore.framework; sourceTree = SDKROOT; };
		BB851178A6424BC6758E8BE4 /* XIGSemiModalController.h */ = {isa = PBXFileReference; fileEncoding = 4; lastKnownFileType = sourcecode.c.h; path = XIGSemiModalController.h; sourceTree = "<group>"; };
		BB8511A1195712608D1ED2B7 /* app.net.exists.html */ = {isa = PBXFileReference; fileEncoding = 4; lastKnownFileType = text.html; path = app.net.exists.html; sourceTree = "<group>"; };
		BB85127E2A70F3F80315323E /* XIGHelpViewController.h */ = {isa = PBXFileReference; fileEncoding = 4; lastKnownFileType = sourcecode.c.h; path = XIGHelpViewController.h; sourceTree = "<group>"; };
		BB85144EB0015B9E950A1B82 /* XIGHelpButton.m */ = {isa = PBXFileReference; fileEncoding = 4; lastKnownFileType = sourcecode.c.objc; path = XIGHelpButton.m; sourceTree = "<group>"; };
		BB8517A0667A6E7C6ABDC303 /* app.net.notexists.html */ = {isa = PBXFileReference; fileEncoding = 4; lastKnownFileType = text.html; path = app.net.notexists.html; sourceTree = "<group>"; };
		BB851A5B0F42847ABB7F337F /* XIGHelpButton.h */ = {isa = PBXFileReference; fileEncoding = 4; lastKnownFileType = sourcecode.c.h; path = XIGHelpButton.h; sourceTree = "<group>"; };
		BB851A8B33B2B14B0D2B76FC /* GVUserDefaults+Properties.h */ = {isa = PBXFileReference; fileEncoding = 4; lastKnownFileType = sourcecode.c.h; path = "GVUserDefaults+Properties.h"; sourceTree = "<group>"; };
		BB851AF3B1825446C7E0E96C /* XIGHelpViewController.m */ = {isa = PBXFileReference; fileEncoding = 4; lastKnownFileType = sourcecode.c.objc; path = XIGHelpViewController.m; sourceTree = "<group>"; };
		BB851B587C270DC4A1943609 /* GVUserDefaults+Properties.m */ = {isa = PBXFileReference; fileEncoding = 4; lastKnownFileType = sourcecode.c.objc; path = "GVUserDefaults+Properties.m"; sourceTree = "<group>"; };
		BB851CBF1C8FE6C4C8DD6D1F /* XIGSemiModalController.m */ = {isa = PBXFileReference; fileEncoding = 4; lastKnownFileType = sourcecode.c.objc; path = XIGSemiModalController.m; sourceTree = "<group>"; };
		BB851D89552ADE90B1155662 /* Localizable.strings */ = {isa = PBXFileReference; fileEncoding = 4; lastKnownFileType = text.plist.strings; path = Localizable.strings; sourceTree = "<group>"; };
		F901A88616D7B2EB00F17C81 /* lookup.json */ = {isa = PBXFileReference; fileEncoding = 4; lastKnownFileType = text.json; path = lookup.json; sourceTree = "<group>"; };
		F901A88816D7B91200F17C81 /* XIGTwitterUser.h */ = {isa = PBXFileReference; fileEncoding = 4; lastKnownFileType = sourcecode.c.h; path = XIGTwitterUser.h; sourceTree = "<group>"; };
		F901A88916D7B91200F17C81 /* XIGTwitterUser.m */ = {isa = PBXFileReference; fileEncoding = 4; lastKnownFileType = sourcecode.c.objc; path = XIGTwitterUser.m; sourceTree = "<group>"; };
		F901A88B16D7B97F00F17C81 /* XIGTwitterUserSpec.m */ = {isa = PBXFileReference; fileEncoding = 4; lastKnownFileType = sourcecode.c.objc; path = XIGTwitterUserSpec.m; sourceTree = "<group>"; };
		F901A88D16D7BAD900F17C81 /* twitterUser.json */ = {isa = PBXFileReference; fileEncoding = 4; lastKnownFileType = text.json; path = twitterUser.json; sourceTree = "<group>"; };
		F90C201A16C8BC8600F29905 /* UIViewController+SLServiceHack.h */ = {isa = PBXFileReference; fileEncoding = 4; lastKnownFileType = sourcecode.c.h; path = "UIViewController+SLServiceHack.h"; sourceTree = "<group>"; };
		F90C201B16C8BC8600F29905 /* UIViewController+SLServiceHack.m */ = {isa = PBXFileReference; fileEncoding = 4; lastKnownFileType = sourcecode.c.objc; path = "UIViewController+SLServiceHack.m"; sourceTree = "<group>"; };
		F90C202116C8EF3100F29905 /* XIGAccountErrorCell.h */ = {isa = PBXFileReference; fileEncoding = 4; lastKnownFileType = sourcecode.c.h; path = XIGAccountErrorCell.h; sourceTree = "<group>"; };
		F90C202216C8EF3100F29905 /* XIGAccountErrorCell.m */ = {isa = PBXFileReference; fileEncoding = 4; lastKnownFileType = sourcecode.c.objc; path = XIGAccountErrorCell.m; sourceTree = "<group>"; };
		F917B55916E3715900A8ABE8 /* UIBarButtonItem+XIGItem.h */ = {isa = PBXFileReference; fileEncoding = 4; lastKnownFileType = sourcecode.c.h; path = "UIBarButtonItem+XIGItem.h"; sourceTree = "<group>"; };
		F917B55A16E3715900A8ABE8 /* UIBarButtonItem+XIGItem.m */ = {isa = PBXFileReference; fileEncoding = 4; lastKnownFileType = sourcecode.c.objc; path = "UIBarButtonItem+XIGItem.m"; sourceTree = "<group>"; };
		F951B82D16D8EA7E00BB4B32 /* XIGArraySliceSpec.m */ = {isa = PBXFileReference; fileEncoding = 4; lastKnownFileType = sourcecode.c.objc; path = XIGArraySliceSpec.m; sourceTree = "<group>"; };
		F951B82F16D8EA9F00BB4B32 /* NSArray+JGSlice.h */ = {isa = PBXFileReference; fileEncoding = 4; lastKnownFileType = sourcecode.c.h; path = "NSArray+JGSlice.h"; sourceTree = "<group>"; };
		F951B83016D8EA9F00BB4B32 /* NSArray+JGSlice.m */ = {isa = PBXFileReference; fileEncoding = 4; lastKnownFileType = sourcecode.c.objc; path = "NSArray+JGSlice.m"; sourceTree = "<group>"; };
		F951B83216D9E99800BB4B32 /* SystemConfiguration.framework */ = {isa = PBXFileReference; lastKnownFileType = wrapper.framework; name = SystemConfiguration.framework; path = System/Library/Frameworks/SystemConfiguration.framework; sourceTree = SDKROOT; };
		F951B83516D9E9C600BB4B32 /* MobileCoreServices.framework */ = {isa = PBXFileReference; lastKnownFileType = wrapper.framework; name = MobileCoreServices.framework; path = System/Library/Frameworks/MobileCoreServices.framework; sourceTree = SDKROOT; };
		F951B83816D9EA3600BB4B32 /* XIGTwitterUserCellSpec.m */ = {isa = PBXFileReference; fileEncoding = 4; lastKnownFileType = sourcecode.c.objc; path = XIGTwitterUserCellSpec.m; sourceTree = "<group>"; };
		F951B83A16D9EA5400BB4B32 /* XIGTwitterUserCell.h */ = {isa = PBXFileReference; fileEncoding = 4; lastKnownFileType = sourcecode.c.h; path = XIGTwitterUserCell.h; sourceTree = "<group>"; };
		F951B83B16D9EA5400BB4B32 /* XIGTwitterUserCell.m */ = {isa = PBXFileReference; fileEncoding = 4; lastKnownFileType = sourcecode.c.objc; path = XIGTwitterUserCell.m; sourceTree = "<group>"; };
		F951B83D16D9ECA800BB4B32 /* UIView+JGLoadFromNib.h */ = {isa = PBXFileReference; fileEncoding = 4; lastKnownFileType = sourcecode.c.h; path = "UIView+JGLoadFromNib.h"; sourceTree = "<group>"; };
		F951B83E16D9ECA800BB4B32 /* UIView+JGLoadFromNib.m */ = {isa = PBXFileReference; fileEncoding = 4; lastKnownFileType = sourcecode.c.objc; path = "UIView+JGLoadFromNib.m"; sourceTree = "<group>"; };
		F951B84016D9ED0600BB4B32 /* XIGTwitterUserCell.xib */ = {isa = PBXFileReference; fileEncoding = 4; lastKnownFileType = file.xib; path = XIGTwitterUserCell.xib; sourceTree = "<group>"; };
		F951B84216D9F59900BB4B32 /* XIGTwitterUserTableViewControllerSpec.m */ = {isa = PBXFileReference; fileEncoding = 4; lastKnownFileType = sourcecode.c.objc; path = XIGTwitterUserTableViewControllerSpec.m; sourceTree = "<group>"; };
		F951B84416D9F5E000BB4B32 /* XIGTwitterUsersTableViewController.h */ = {isa = PBXFileReference; fileEncoding = 4; lastKnownFileType = sourcecode.c.h; path = XIGTwitterUsersTableViewController.h; sourceTree = "<group>"; };
		F951B84516D9F5E000BB4B32 /* XIGTwitterUsersTableViewController.m */ = {isa = PBXFileReference; fileEncoding = 4; lastKnownFileType = sourcecode.c.objc; path = XIGTwitterUsersTableViewController.m; sourceTree = "<group>"; };
		F951B84716D9FB6800BB4B32 /* XIGTwitterClientGetFriendsSpec.m */ = {isa = PBXFileReference; fileEncoding = 4; lastKnownFileType = sourcecode.c.objc; path = XIGTwitterClientGetFriendsSpec.m; sourceTree = "<group>"; };
		F951B84B16D9FD7B00BB4B32 /* friendsIdPage1.json */ = {isa = PBXFileReference; fileEncoding = 4; lastKnownFileType = text.json; path = friendsIdPage1.json; sourceTree = "<group>"; };
		F951B84D16D9FD9D00BB4B32 /* friendsIdPage2.json */ = {isa = PBXFileReference; fileEncoding = 4; lastKnownFileType = text.json; path = friendsIdPage2.json; sourceTree = "<group>"; };
		F951B84F16D9FE4100BB4B32 /* lookup12.json */ = {isa = PBXFileReference; fileEncoding = 4; lastKnownFileType = text.json; path = lookup12.json; sourceTree = "<group>"; };
		F951B85116D9FEE400BB4B32 /* lookup34.json */ = {isa = PBXFileReference; fileEncoding = 4; lastKnownFileType = text.json; path = lookup34.json; sourceTree = "<group>"; };
		F951B85316D9FF1B00BB4B32 /* lookup56.json */ = {isa = PBXFileReference; fileEncoding = 4; lastKnownFileType = text.json; path = lookup56.json; sourceTree = "<group>"; };
		F951B85516D9FF4800BB4B32 /* lookup7.json */ = {isa = PBXFileReference; fileEncoding = 4; lastKnownFileType = text.json; path = lookup7.json; sourceTree = "<group>"; };
		F96CDC1516EC5DA900D03306 /* BackArrow.png */ = {isa = PBXFileReference; lastKnownFileType = image.png; path = BackArrow.png; sourceTree = "<group>"; };
		F96CDC1616EC5DA900D03306 /* BackArrow@2x.png */ = {isa = PBXFileReference; lastKnownFileType = image.png; path = "BackArrow@2x.png"; sourceTree = "<group>"; };
		F96CDC2116EC652A00D03306 /* empty.png */ = {isa = PBXFileReference; lastKnownFileType = image.png; path = empty.png; sourceTree = "<group>"; };
		F96CDC2216EC652A00D03306 /* empty@2x.png */ = {isa = PBXFileReference; lastKnownFileType = image.png; path = "empty@2x.png"; sourceTree = "<group>"; };
		F96CDC2916ECA84800D03306 /* Flat-UI-Icons-24.ttf */ = {isa = PBXFileReference; lastKnownFileType = file; path = "Flat-UI-Icons-24.ttf"; sourceTree = "<group>"; };
		F96CDC2B16ECADD600D03306 /* app.net-logo.png */ = {isa = PBXFileReference; lastKnownFileType = image.png; path = "app.net-logo.png"; sourceTree = "<group>"; };
		F96CDC2C16ECADD600D03306 /* app.net-logo@2x.png */ = {isa = PBXFileReference; lastKnownFileType = image.png; path = "app.net-logo@2x.png"; sourceTree = "<group>"; };
		F96CDC2D16ECADD600D03306 /* twitter-logo.png */ = {isa = PBXFileReference; lastKnownFileType = image.png; path = "twitter-logo.png"; sourceTree = "<group>"; };
		F96CDC2E16ECADD600D03306 /* twitter-logo@2x.png */ = {isa = PBXFileReference; lastKnownFileType = image.png; path = "twitter-logo@2x.png"; sourceTree = "<group>"; };
		F97B551216C7752A005AD777 /* AppNetChecker.app */ = {isa = PBXFileReference; explicitFileType = wrapper.application; includeInIndex = 0; path = AppNetChecker.app; sourceTree = BUILT_PRODUCTS_DIR; };
		F97B551516C7752A005AD777 /* UIKit.framework */ = {isa = PBXFileReference; lastKnownFileType = wrapper.framework; name = UIKit.framework; path = System/Library/Frameworks/UIKit.framework; sourceTree = SDKROOT; };
		F97B551716C7752A005AD777 /* Foundation.framework */ = {isa = PBXFileReference; lastKnownFileType = wrapper.framework; name = Foundation.framework; path = System/Library/Frameworks/Foundation.framework; sourceTree = SDKROOT; };
		F97B551916C7752A005AD777 /* CoreGraphics.framework */ = {isa = PBXFileReference; lastKnownFileType = wrapper.framework; name = CoreGraphics.framework; path = System/Library/Frameworks/CoreGraphics.framework; sourceTree = SDKROOT; };
		F97B551D16C7752A005AD777 /* AppNetChecker-Info.plist */ = {isa = PBXFileReference; lastKnownFileType = text.plist.xml; path = "AppNetChecker-Info.plist"; sourceTree = "<group>"; };
		F97B551F16C7752A005AD777 /* en */ = {isa = PBXFileReference; lastKnownFileType = text.plist.strings; name = en; path = en.lproj/InfoPlist.strings; sourceTree = "<group>"; };
		F97B552116C7752A005AD777 /* main.m */ = {isa = PBXFileReference; lastKnownFileType = sourcecode.c.objc; path = main.m; sourceTree = "<group>"; };
		F97B552316C7752A005AD777 /* AppNetChecker-Prefix.pch */ = {isa = PBXFileReference; lastKnownFileType = sourcecode.c.h; path = "AppNetChecker-Prefix.pch"; sourceTree = "<group>"; };
		F97B552416C7752A005AD777 /* XIGAppDelegate.h */ = {isa = PBXFileReference; lastKnownFileType = sourcecode.c.h; path = XIGAppDelegate.h; sourceTree = "<group>"; };
		F97B552516C7752A005AD777 /* XIGAppDelegate.m */ = {isa = PBXFileReference; lastKnownFileType = sourcecode.c.objc; path = XIGAppDelegate.m; sourceTree = "<group>"; };
		F97B552716C7752A005AD777 /* Default.png */ = {isa = PBXFileReference; lastKnownFileType = image.png; path = Default.png; sourceTree = "<group>"; };
		F97B552916C7752A005AD777 /* Default@2x.png */ = {isa = PBXFileReference; lastKnownFileType = image.png; path = "Default@2x.png"; sourceTree = "<group>"; };
		F97B552B16C7752A005AD777 /* Default-568h@2x.png */ = {isa = PBXFileReference; lastKnownFileType = image.png; path = "Default-568h@2x.png"; sourceTree = "<group>"; };
		F97B552E16C7752A005AD777 /* en */ = {isa = PBXFileReference; lastKnownFileType = file.storyboard; name = en; path = en.lproj/MainStoryboard.storyboard; sourceTree = "<group>"; };
		F97B553B16C7752A005AD777 /* AppNetCheckerTests.octest */ = {isa = PBXFileReference; explicitFileType = wrapper.cfbundle; includeInIndex = 0; path = AppNetCheckerTests.octest; sourceTree = BUILT_PRODUCTS_DIR; };
		F97B553C16C7752A005AD777 /* SenTestingKit.framework */ = {isa = PBXFileReference; lastKnownFileType = wrapper.framework; name = SenTestingKit.framework; path = Library/Frameworks/SenTestingKit.framework; sourceTree = DEVELOPER_DIR; };
		F97B554416C7752A005AD777 /* AppNetCheckerTests-Info.plist */ = {isa = PBXFileReference; lastKnownFileType = text.plist.xml; path = "AppNetCheckerTests-Info.plist"; sourceTree = "<group>"; };
		F97B554616C7752A005AD777 /* en */ = {isa = PBXFileReference; lastKnownFileType = text.plist.strings; name = en; path = en.lproj/InfoPlist.strings; sourceTree = "<group>"; };
		F97B555416C77FCB005AD777 /* XIGTwitterAccountStore.h */ = {isa = PBXFileReference; fileEncoding = 4; lastKnownFileType = sourcecode.c.h; path = XIGTwitterAccountStore.h; sourceTree = "<group>"; };
		F97B555516C77FCB005AD777 /* XIGTwitterAccountStore.m */ = {isa = PBXFileReference; fileEncoding = 4; lastKnownFileType = sourcecode.c.objc; path = XIGTwitterAccountStore.m; sourceTree = "<group>"; };
		F97B555716C78034005AD777 /* Accounts.framework */ = {isa = PBXFileReference; lastKnownFileType = wrapper.framework; name = Accounts.framework; path = System/Library/Frameworks/Accounts.framework; sourceTree = SDKROOT; };
		F97B555C16C78F41005AD777 /* XIGTwitterAccountStoreSpec.m */ = {isa = PBXFileReference; fileEncoding = 4; lastKnownFileType = sourcecode.c.objc; path = XIGTwitterAccountStoreSpec.m; sourceTree = "<group>"; };
		F97B555E16C7917C005AD777 /* KiwiHack.h */ = {isa = PBXFileReference; lastKnownFileType = sourcecode.c.h; name = KiwiHack.h; path = ../AppNetChecker/KiwiHack.h; sourceTree = "<group>"; };
		F97B555F16C79D4A005AD777 /* Social.framework */ = {isa = PBXFileReference; lastKnownFileType = wrapper.framework; name = Social.framework; path = System/Library/Frameworks/Social.framework; sourceTree = SDKROOT; };
		F97B556216C7A469005AD777 /* FakeAccountStore.h */ = {isa = PBXFileReference; fileEncoding = 4; lastKnownFileType = sourcecode.c.h; path = FakeAccountStore.h; sourceTree = "<group>"; };
		F97B556316C7A469005AD777 /* FakeAccountStore.m */ = {isa = PBXFileReference; fileEncoding = 4; lastKnownFileType = sourcecode.c.objc; path = FakeAccountStore.m; sourceTree = "<group>"; };
		F97B556516C7AB2C005AD777 /* XIGAccountPickerViewController.h */ = {isa = PBXFileReference; fileEncoding = 4; lastKnownFileType = sourcecode.c.h; path = XIGAccountPickerViewController.h; sourceTree = "<group>"; };
		F97B556616C7AB2C005AD777 /* XIGAccountPickerViewController.m */ = {isa = PBXFileReference; fileEncoding = 4; lastKnownFileType = sourcecode.c.objc; path = XIGAccountPickerViewController.m; sourceTree = "<group>"; };
		F97B556D16C7AC5F005AD777 /* XIGAccountPickerSpec.m */ = {isa = PBXFileReference; fileEncoding = 4; lastKnownFileType = sourcecode.c.objc; path = XIGAccountPickerSpec.m; sourceTree = "<group>"; };
		F97B556F16C7ACB0005AD777 /* UIStoryboardSpec.m */ = {isa = PBXFileReference; fileEncoding = 4; lastKnownFileType = sourcecode.c.objc; path = UIStoryboardSpec.m; sourceTree = "<group>"; };
		F97B557116C7AD5A005AD777 /* UIStoryboard+AppNetChecker.h */ = {isa = PBXFileReference; fileEncoding = 4; lastKnownFileType = sourcecode.c.h; path = "UIStoryboard+AppNetChecker.h"; sourceTree = "<group>"; };
		F97B557216C7AD5A005AD777 /* UIStoryboard+AppNetChecker.m */ = {isa = PBXFileReference; fileEncoding = 4; lastKnownFileType = sourcecode.c.objc; path = "UIStoryboard+AppNetChecker.m"; sourceTree = "<group>"; };
		F982C4CE16D0C3AD00B7B9A3 /* CFNetwork.framework */ = {isa = PBXFileReference; lastKnownFileType = wrapper.framework; name = CFNetwork.framework; path = System/Library/Frameworks/CFNetwork.framework; sourceTree = SDKROOT; };
		F991A61516CB802C00BDB36F /* friendsId.json */ = {isa = PBXFileReference; fileEncoding = 4; lastKnownFileType = text.json; path = friendsId.json; sourceTree = "<group>"; };
		F991A61716CB809C00BDB36F /* KWSpec+Fixture.h */ = {isa = PBXFileReference; fileEncoding = 4; lastKnownFileType = sourcecode.c.h; path = "KWSpec+Fixture.h"; sourceTree = "<group>"; };
		F991A61816CB809C00BDB36F /* KWSpec+Fixture.m */ = {isa = PBXFileReference; fileEncoding = 4; lastKnownFileType = sourcecode.c.objc; path = "KWSpec+Fixture.m"; sourceTree = "<group>"; };
		F991A61A16CBBF7B00BDB36F /* friendsIdWithNextPage.json */ = {isa = PBXFileReference; fileEncoding = 4; lastKnownFileType = text.json; path = friendsIdWithNextPage.json; sourceTree = "<group>"; };
		F99F64D216E8D74800ABC8CC /* XIGTwitterAccountCell.h */ = {isa = PBXFileReference; fileEncoding = 4; lastKnownFileType = sourcecode.c.h; path = XIGTwitterAccountCell.h; sourceTree = "<group>"; };
		F99F64D316E8D74800ABC8CC /* XIGTwitterAccountCell.m */ = {isa = PBXFileReference; fileEncoding = 4; lastKnownFileType = sourcecode.c.objc; path = XIGTwitterAccountCell.m; sourceTree = "<group>"; };
		F9A4D0C716E1BC35005D3EE5 /* XIGAppNetUserSpec.m */ = {isa = PBXFileReference; fileEncoding = 4; lastKnownFileType = sourcecode.c.objc; path = XIGAppNetUserSpec.m; sourceTree = "<group>"; };
		F9A4D0C916E1BC54005D3EE5 /* XIGAppNetUser.h */ = {isa = PBXFileReference; fileEncoding = 4; lastKnownFileType = sourcecode.c.h; path = XIGAppNetUser.h; sourceTree = "<group>"; };
		F9A4D0CA16E1BC54005D3EE5 /* XIGAppNetUser.m */ = {isa = PBXFileReference; fileEncoding = 4; lastKnownFileType = sourcecode.c.objc; path = XIGAppNetUser.m; sourceTree = "<group>"; };
		F9A4D0CC16E1E497005D3EE5 /* XIGUserMatcher.h */ = {isa = PBXFileReference; fileEncoding = 4; lastKnownFileType = sourcecode.c.h; path = XIGUserMatcher.h; sourceTree = "<group>"; };
		F9A4D0CD16E1E497005D3EE5 /* XIGUserMatcher.m */ = {isa = PBXFileReference; fileEncoding = 4; lastKnownFileType = sourcecode.c.objc; path = XIGUserMatcher.m; sourceTree = "<group>"; };
		F9ACF72516C8F99700539A23 /* XIGAccountErrorCellSpec.m */ = {isa = PBXFileReference; fileEncoding = 4; lastKnownFileType = sourcecode.c.objc; path = XIGAccountErrorCellSpec.m; sourceTree = "<group>"; };
		F9ACF72716C8FB8800539A23 /* XIGAccountError.h */ = {isa = PBXFileReference; lastKnownFileType = sourcecode.c.h; path = XIGAccountError.h; sourceTree = "<group>"; };
		F9B29D6216EF7B9000D16434 /* TFHpple.h */ = {isa = PBXFileReference; fileEncoding = 4; lastKnownFileType = sourcecode.c.h; name = TFHpple.h; path = Submodules/hpple/TFHpple.h; sourceTree = SOURCE_ROOT; };
		F9B29D6316EF7B9000D16434 /* TFHpple.m */ = {isa = PBXFileReference; fileEncoding = 4; lastKnownFileType = sourcecode.c.objc; name = TFHpple.m; path = Submodules/hpple/TFHpple.m; sourceTree = SOURCE_ROOT; };
		F9B29D6416EF7B9000D16434 /* TFHppleElement.h */ = {isa = PBXFileReference; fileEncoding = 4; lastKnownFileType = sourcecode.c.h; name = TFHppleElement.h; path = Submodules/hpple/TFHppleElement.h; sourceTree = SOURCE_ROOT; };
		F9B29D6516EF7B9000D16434 /* TFHppleElement.m */ = {isa = PBXFileReference; fileEncoding = 4; lastKnownFileType = sourcecode.c.objc; name = TFHppleElement.m; path = Submodules/hpple/TFHppleElement.m; sourceTree = SOURCE_ROOT; };
		F9B29D6616EF7B9000D16434 /* XPathQuery.h */ = {isa = PBXFileReference; fileEncoding = 4; lastKnownFileType = sourcecode.c.h; name = XPathQuery.h; path = Submodules/hpple/XPathQuery.h; sourceTree = SOURCE_ROOT; };
		F9B29D6716EF7B9000D16434 /* XPathQuery.m */ = {isa = PBXFileReference; fileEncoding = 4; lastKnownFileType = sourcecode.c.objc; name = XPathQuery.m; path = Submodules/hpple/XPathQuery.m; sourceTree = SOURCE_ROOT; };
		F9B29D6D16EF7CF500D16434 /* libxml2.dylib */ = {isa = PBXFileReference; lastKnownFileType = "compiled.mach-o.dylib"; name = libxml2.dylib; path = usr/lib/libxml2.dylib; sourceTree = SDKROOT; };
		F9BBFF5F16CA77E300CEE372 /* XIGNSURLRequestBuilder.h */ = {isa = PBXFileReference; fileEncoding = 4; lastKnownFileType = sourcecode.c.h; path = XIGNSURLRequestBuilder.h; sourceTree = "<group>"; };
		F9BBFF6016CA77E300CEE372 /* XIGNSURLRequestBuilder.m */ = {isa = PBXFileReference; fileEncoding = 4; lastKnownFileType = sourcecode.c.objc; path = XIGNSURLRequestBuilder.m; sourceTree = "<group>"; };
		F9BBFF6216CA782A00CEE372 /* XIGNSURLRequestBuilderSpec.m */ = {isa = PBXFileReference; fileEncoding = 4; lastKnownFileType = sourcecode.c.objc; path = XIGNSURLRequestBuilderSpec.m; sourceTree = "<group>"; };
		F9BBFF6416CA79D900CEE372 /* ACAccount+XIGTest.h */ = {isa = PBXFileReference; fileEncoding = 4; lastKnownFileType = sourcecode.c.h; path = "ACAccount+XIGTest.h"; sourceTree = "<group>"; };
		F9BBFF6516CA79D900CEE372 /* ACAccount+XIGTest.m */ = {isa = PBXFileReference; fileEncoding = 4; lastKnownFileType = sourcecode.c.objc; path = "ACAccount+XIGTest.m"; sourceTree = "<group>"; };
		F9BC704E16FC451C00BCF03B /* default-avatar.png */ = {isa = PBXFileReference; lastKnownFileType = image.png; path = "default-avatar.png"; sourceTree = "<group>"; };
		F9BC704F16FC451C00BCF03B /* default-avatar@2x.png */ = {isa = PBXFileReference; lastKnownFileType = image.png; path = "default-avatar@2x.png"; sourceTree = "<group>"; };
		F9C37F0A16D666E400955CE1 /* XIGTwitterClientGetProfilesSpec.m */ = {isa = PBXFileReference; fileEncoding = 4; lastKnownFileType = sourcecode.c.objc; path = XIGTwitterClientGetProfilesSpec.m; sourceTree = "<group>"; };
		F9D2E4D516EADAE4006A1A06 /* YanoneKaffeesatz-Thin.ttf */ = {isa = PBXFileReference; lastKnownFileType = file; path = "YanoneKaffeesatz-Thin.ttf"; sourceTree = "<group>"; };
		F9D2E4D816EADB0F006A1A06 /* UIFont+XIGAppNetChecker.h */ = {isa = PBXFileReference; fileEncoding = 4; lastKnownFileType = sourcecode.c.h; path = "UIFont+XIGAppNetChecker.h"; sourceTree = "<group>"; };
		F9D2E4D916EADB0F006A1A06 /* UIFont+XIGAppNetChecker.m */ = {isa = PBXFileReference; fileEncoding = 4; lastKnownFileType = sourcecode.c.objc; path = "UIFont+XIGAppNetChecker.m"; sourceTree = "<group>"; };
		F9D2E4DE16EADD14006A1A06 /* YanoneKaffeesatz-Bold.ttf */ = {isa = PBXFileReference; lastKnownFileType = file; path = "YanoneKaffeesatz-Bold.ttf"; sourceTree = "<group>"; };
		F9D2E4DF16EADD14006A1A06 /* YanoneKaffeesatz-Light.ttf */ = {isa = PBXFileReference; lastKnownFileType = file; path = "YanoneKaffeesatz-Light.ttf"; sourceTree = "<group>"; };
		F9D2E4E016EADD14006A1A06 /* YanoneKaffeesatz-Regular.ttf */ = {isa = PBXFileReference; lastKnownFileType = file; path = "YanoneKaffeesatz-Regular.ttf"; sourceTree = "<group>"; };
		F9D52EB716CA02B800ABC885 /* XIGTwitterClientGetIdsSpec.m */ = {isa = PBXFileReference; fileEncoding = 4; lastKnownFileType = sourcecode.c.objc; path = XIGTwitterClientGetIdsSpec.m; sourceTree = "<group>"; };
		F9D52EB916CA043700ABC885 /* XIGTwitterClient.h */ = {isa = PBXFileReference; fileEncoding = 4; lastKnownFileType = sourcecode.c.h; path = XIGTwitterClient.h; sourceTree = "<group>"; };
		F9D52EBA16CA043700ABC885 /* XIGTwitterClient.m */ = {isa = PBXFileReference; fileEncoding = 4; lastKnownFileType = sourcecode.c.objc; path = XIGTwitterClient.m; sourceTree = "<group>"; };
		F9D52EBF16CA0C9E00ABC885 /* XIGTwitterClient+Private.h */ = {isa = PBXFileReference; lastKnownFileType = sourcecode.c.h; path = "XIGTwitterClient+Private.h"; sourceTree = "<group>"; };
		F9D52EC916CA225700ABC885 /* NSObject+XIGKiwiMockAddition.h */ = {isa = PBXFileReference; fileEncoding = 4; lastKnownFileType = sourcecode.c.h; path = "NSObject+XIGKiwiMockAddition.h"; sourceTree = "<group>"; };
		F9D52ECA16CA225700ABC885 /* NSObject+XIGKiwiMockAddition.m */ = {isa = PBXFileReference; fileEncoding = 4; lastKnownFileType = sourcecode.c.objc; path = "NSObject+XIGKiwiMockAddition.m"; sourceTree = "<group>"; };
		F9D5E94116E0F11E00839FE5 /* XIGAppNetClientSpec.m */ = {isa = PBXFileReference; fileEncoding = 4; lastKnownFileType = sourcecode.c.objc; path = XIGAppNetClientSpec.m; sourceTree = "<group>"; };
		F9D5E94316E0F14B00839FE5 /* XIGAppNetClient.h */ = {isa = PBXFileReference; fileEncoding = 4; lastKnownFileType = sourcecode.c.h; path = XIGAppNetClient.h; sourceTree = "<group>"; };
		F9D5E94416E0F14B00839FE5 /* XIGAppNetClient.m */ = {isa = PBXFileReference; fileEncoding = 4; lastKnownFileType = sourcecode.c.objc; path = XIGAppNetClient.m; sourceTree = "<group>"; };
		F9D5E94A16E0FCA600839FE5 /* app.net.doesnotexist.txt */ = {isa = PBXFileReference; fileEncoding = 4; lastKnownFileType = text; path = app.net.doesnotexist.txt; sourceTree = "<group>"; };
		F9D5E94B16E0FCA600839FE5 /* app.net.matt.txt */ = {isa = PBXFileReference; fileEncoding = 4; lastKnownFileType = text; path = app.net.matt.txt; sourceTree = "<group>"; };
		F9E76F9916E356A6003E1B26 /* NSIndexPath+XIGRange.h */ = {isa = PBXFileReference; fileEncoding = 4; lastKnownFileType = sourcecode.c.h; path = "NSIndexPath+XIGRange.h"; sourceTree = "<group>"; };
		F9E76F9A16E356A6003E1B26 /* NSIndexPath+XIGRange.m */ = {isa = PBXFileReference; fileEncoding = 4; lastKnownFileType = sourcecode.c.objc; path = "NSIndexPath+XIGRange.m"; sourceTree = "<group>"; };
		F9ED15A616EB3A29008E8404 /* logo@2x.png */ = {isa = PBXFileReference; lastKnownFileType = image.png; path = "logo@2x.png"; sourceTree = "<group>"; };
		F9ED15A716EB3A29008E8404 /* NavigationBar.png */ = {isa = PBXFileReference; lastKnownFileType = image.png; path = NavigationBar.png; sourceTree = "<group>"; };
		F9ED15A816EB3A29008E8404 /* NavigationBar@2x.png */ = {isa = PBXFileReference; lastKnownFileType = image.png; path = "NavigationBar@2x.png"; sourceTree = "<group>"; };
		F9ED15A916EB3A29008E8404 /* ToolBar.png */ = {isa = PBXFileReference; lastKnownFileType = image.png; path = ToolBar.png; sourceTree = "<group>"; };
		F9ED15AA16EB3A29008E8404 /* ToolBar@2x.png */ = {isa = PBXFileReference; lastKnownFileType = image.png; path = "ToolBar@2x.png"; sourceTree = "<group>"; };
		F9ED15B116EB3A4D008E8404 /* UIColor+XIGAppNetChecker.h */ = {isa = PBXFileReference; fileEncoding = 4; lastKnownFileType = sourcecode.c.h; path = "UIColor+XIGAppNetChecker.h"; sourceTree = "<group>"; };
		F9ED15B216EB3A4D008E8404 /* UIColor+XIGAppNetChecker.m */ = {isa = PBXFileReference; fileEncoding = 4; lastKnownFileType = sourcecode.c.objc; path = "UIColor+XIGAppNetChecker.m"; sourceTree = "<group>"; };
		F9ED15B516EB4131008E8404 /* UITableView+XIGBackgroundView.h */ = {isa = PBXFileReference; fileEncoding = 4; lastKnownFileType = sourcecode.c.h; path = "UITableView+XIGBackgroundView.h"; sourceTree = "<group>"; };
		F9ED15B616EB4131008E8404 /* UITableView+XIGBackgroundView.m */ = {isa = PBXFileReference; fileEncoding = 4; lastKnownFileType = sourcecode.c.objc; path = "UITableView+XIGBackgroundView.m"; sourceTree = "<group>"; };
		F9ED15B816EB4185008E8404 /* XIGTableViewController.h */ = {isa = PBXFileReference; fileEncoding = 4; lastKnownFileType = sourcecode.c.h; path = XIGTableViewController.h; sourceTree = "<group>"; };
		F9ED15B916EB4185008E8404 /* XIGTableViewController.m */ = {isa = PBXFileReference; fileEncoding = 4; lastKnownFileType = sourcecode.c.objc; path = XIGTableViewController.m; sourceTree = "<group>"; };
		F9ED15BB16EB7FE6008E8404 /* UIColor+XIGColorManipulation.h */ = {isa = PBXFileReference; fileEncoding = 4; lastKnownFileType = sourcecode.c.h; path = "UIColor+XIGColorManipulation.h"; sourceTree = "<group>"; };
		F9ED15BC16EB7FE6008E8404 /* UIColor+XIGColorManipulation.m */ = {isa = PBXFileReference; fileEncoding = 4; lastKnownFileType = sourcecode.c.objc; path = "UIColor+XIGColorManipulation.m"; sourceTree = "<group>"; };
		F9FC0C6D16DCEABF00B45347 /* XIGTwitterUser+XIGTest.h */ = {isa = PBXFileReference; fileEncoding = 4; lastKnownFileType = sourcecode.c.h; path = "XIGTwitterUser+XIGTest.h"; sourceTree = "<group>"; };
		F9FC0C6E16DCEABF00B45347 /* XIGTwitterUser+XIGTest.m */ = {isa = PBXFileReference; fileEncoding = 4; lastKnownFileType = sourcecode.c.objc; path = "XIGTwitterUser+XIGTest.m"; sourceTree = "<group>"; };
/* End PBXFileReference section */

/* Begin PBXFrameworksBuildPhase section */
		F97B550F16C7752A005AD777 /* Frameworks */ = {
			isa = PBXFrameworksBuildPhase;
			buildActionMask = 2147483647;
			files = (
				F9B29D6E16EF7CF500D16434 /* libxml2.dylib in Frameworks */,
				F951B83616D9E9C600BB4B32 /* MobileCoreServices.framework in Frameworks */,
				F951B83316D9E99800BB4B32 /* SystemConfiguration.framework in Frameworks */,
				F90C201916C8BC4F00F29905 /* Social.framework in Frameworks */,
				F97B555916C78046005AD777 /* Accounts.framework in Frameworks */,
				F97B551616C7752A005AD777 /* UIKit.framework in Frameworks */,
				F97B551816C7752A005AD777 /* Foundation.framework in Frameworks */,
				F97B551A16C7752A005AD777 /* CoreGraphics.framework in Frameworks */,
				C28CEACFFAEB49CD958D3A20 /* libPods.a in Frameworks */,
				BB8510936A1227409302F8C4 /* QuartzCore.framework in Frameworks */,
			);
			runOnlyForDeploymentPostprocessing = 0;
		};
		F97B553716C7752A005AD777 /* Frameworks */ = {
			isa = PBXFrameworksBuildPhase;
			buildActionMask = 2147483647;
			files = (
				F982C4CF16D0C3AD00B7B9A3 /* CFNetwork.framework in Frameworks */,
				F9ACF72816C901FB00539A23 /* CoreGraphics.framework in Frameworks */,
				F90C202016C8E09100F29905 /* Social.framework in Frameworks */,
				F97B556116C79DF8005AD777 /* Accounts.framework in Frameworks */,
				F97B553D16C7752A005AD777 /* SenTestingKit.framework in Frameworks */,
				F97B553E16C7752A005AD777 /* UIKit.framework in Frameworks */,
				F97B553F16C7752A005AD777 /* Foundation.framework in Frameworks */,
				7E6E481E263742F9A0C55CB8 /* libPods-AppNetCheckerTests.a in Frameworks */,
				F951B83416D9E9A700BB4B32 /* SystemConfiguration.framework in Frameworks */,
				F951B83716D9E9D100BB4B32 /* MobileCoreServices.framework in Frameworks */,
			);
			runOnlyForDeploymentPostprocessing = 0;
		};
/* End PBXFrameworksBuildPhase section */

/* Begin PBXGroup section */
		BB8519818F78B6D0C239D0B5 /* GVUserDefaults */ = {
			isa = PBXGroup;
			children = (
				BB851B587C270DC4A1943609 /* GVUserDefaults+Properties.m */,
				BB851A8B33B2B14B0D2B76FC /* GVUserDefaults+Properties.h */,
			);
			name = GVUserDefaults;
			sourceTree = "<group>";
		};
		F917B55816E3713D00A8ABE8 /* UIBarButtonItem */ = {
			isa = PBXGroup;
			children = (
				F917B55916E3715900A8ABE8 /* UIBarButtonItem+XIGItem.h */,
				F917B55A16E3715900A8ABE8 /* UIBarButtonItem+XIGItem.m */,
			);
			name = UIBarButtonItem;
			sourceTree = "<group>";
		};
		F951B84916D9FB9A00BB4B32 /* Twitter Client */ = {
			isa = PBXGroup;
			children = (
				F991A61516CB802C00BDB36F /* friendsId.json */,
				F901A88616D7B2EB00F17C81 /* lookup.json */,
				F991A61A16CBBF7B00BDB36F /* friendsIdWithNextPage.json */,
				F901A88D16D7BAD900F17C81 /* twitterUser.json */,
				F9BBFF6216CA782A00CEE372 /* XIGNSURLRequestBuilderSpec.m */,
				F9D52EB716CA02B800ABC885 /* XIGTwitterClientGetIdsSpec.m */,
				F9C37F0A16D666E400955CE1 /* XIGTwitterClientGetProfilesSpec.m */,
				F951B84716D9FB6800BB4B32 /* XIGTwitterClientGetFriendsSpec.m */,
				F951B84B16D9FD7B00BB4B32 /* friendsIdPage1.json */,
				F951B84D16D9FD9D00BB4B32 /* friendsIdPage2.json */,
				F951B84F16D9FE4100BB4B32 /* lookup12.json */,
				F951B85116D9FEE400BB4B32 /* lookup34.json */,
				F951B85316D9FF1B00BB4B32 /* lookup56.json */,
				F951B85516D9FF4800BB4B32 /* lookup7.json */,
			);
			name = "Twitter Client";
			sourceTree = "<group>";
		};
		F951B84A16D9FBCA00BB4B32 /* Categories/Helper */ = {
			isa = PBXGroup;
			children = (
				F97B556F16C7ACB0005AD777 /* UIStoryboardSpec.m */,
				F951B82D16D8EA7E00BB4B32 /* XIGArraySliceSpec.m */,
			);
			name = Categories/Helper;
			sourceTree = "<group>";
		};
		F96CDC2516ECA0EA00D03306 /* TwitterUserCell */ = {
			isa = PBXGroup;
			children = (
				F951B83A16D9EA5400BB4B32 /* XIGTwitterUserCell.h */,
				F951B83B16D9EA5400BB4B32 /* XIGTwitterUserCell.m */,
				F951B84016D9ED0600BB4B32 /* XIGTwitterUserCell.xib */,
			);
			name = TwitterUserCell;
			sourceTree = "<group>";
		};
		F97B550916C7752A005AD777 = {
			isa = PBXGroup;
			children = (
				F9B29D6D16EF7CF500D16434 /* libxml2.dylib */,
				F97B551B16C7752A005AD777 /* AppNetChecker */,
				F97B554216C7752A005AD777 /* AppNetCheckerTests */,
				F97B551416C7752A005AD777 /* Frameworks */,
				F97B551316C7752A005AD777 /* Products */,
				77644BD0F970460FAC7B1976 /* Pods.xcconfig */,
				9DDEF45281FD4CE59F75EA06 /* Pods-AppNetCheckerTests.xcconfig */,
			);
			sourceTree = "<group>";
		};
		F97B551316C7752A005AD777 /* Products */ = {
			isa = PBXGroup;
			children = (
				F97B551216C7752A005AD777 /* AppNetChecker.app */,
				F97B553B16C7752A005AD777 /* AppNetCheckerTests.octest */,
			);
			name = Products;
			sourceTree = "<group>";
		};
		F97B551416C7752A005AD777 /* Frameworks */ = {
			isa = PBXGroup;
			children = (
				F951B83516D9E9C600BB4B32 /* MobileCoreServices.framework */,
				F951B83216D9E99800BB4B32 /* SystemConfiguration.framework */,
				F982C4CE16D0C3AD00B7B9A3 /* CFNetwork.framework */,
				F97B555F16C79D4A005AD777 /* Social.framework */,
				F97B555716C78034005AD777 /* Accounts.framework */,
				F97B551516C7752A005AD777 /* UIKit.framework */,
				F97B551716C7752A005AD777 /* Foundation.framework */,
				F97B551916C7752A005AD777 /* CoreGraphics.framework */,
				F97B553C16C7752A005AD777 /* SenTestingKit.framework */,
				773C3C7EAB274B1BA845227F /* libPods.a */,
				164169FAEA284DC88A60012F /* libPods-AppNetCheckerTests.a */,
				BB85110C2A4E6C2116D6E14B /* QuartzCore.framework */,
			);
			name = Frameworks;
			sourceTree = "<group>";
		};
		F97B551B16C7752A005AD777 /* AppNetChecker */ = {
			isa = PBXGroup;
			children = (
				F9B29D6116EF7B4900D16434 /* Vendor */,
				F9E76F9716E355EF003E1B26 /* Network */,
				F9E76F9216E3559D003E1B26 /* Models */,
				F9E76F9116E35598003E1B26 /* Controllers */,
				F9E76F9016E35593003E1B26 /* Views */,
				F9E76F8F16E3558A003E1B26 /* Categories */,
				F9B29D6016EF7B2E00D16434 /* Resources */,
				F97B552416C7752A005AD777 /* XIGAppDelegate.h */,
				F97B552516C7752A005AD777 /* XIGAppDelegate.m */,
				F97B552D16C7752A005AD777 /* MainStoryboard.storyboard */,
				F97B551C16C7752A005AD777 /* Supporting Files */,
				BB851D89552ADE90B1155662 /* Localizable.strings */,
			);
			path = AppNetChecker;
			sourceTree = "<group>";
		};
		F97B551C16C7752A005AD777 /* Supporting Files */ = {
			isa = PBXGroup;
			children = (
				F97B551D16C7752A005AD777 /* AppNetChecker-Info.plist */,
				F97B551E16C7752A005AD777 /* InfoPlist.strings */,
				F97B552116C7752A005AD777 /* main.m */,
				F97B552316C7752A005AD777 /* AppNetChecker-Prefix.pch */,
				F97B552716C7752A005AD777 /* Default.png */,
				F97B552916C7752A005AD777 /* Default@2x.png */,
				F97B552B16C7752A005AD777 /* Default-568h@2x.png */,
			);
			name = "Supporting Files";
			sourceTree = "<group>";
		};
		F97B554216C7752A005AD777 /* AppNetCheckerTests */ = {
			isa = PBXGroup;
			children = (
				F951B84A16D9FBCA00BB4B32 /* Categories/Helper */,
				F951B84916D9FB9A00BB4B32 /* Twitter Client */,
				F9BBFF6716CA7B3700CEE372 /* Spec Helpers */,
				F97B554316C7752A005AD777 /* Supporting Files */,
				F97B555C16C78F41005AD777 /* XIGTwitterAccountStoreSpec.m */,
				F97B556D16C7AC5F005AD777 /* XIGAccountPickerSpec.m */,
				F97B556216C7A469005AD777 /* FakeAccountStore.h */,
				F97B556316C7A469005AD777 /* FakeAccountStore.m */,
				F9ACF72516C8F99700539A23 /* XIGAccountErrorCellSpec.m */,
				F901A88B16D7B97F00F17C81 /* XIGTwitterUserSpec.m */,
				F951B83816D9EA3600BB4B32 /* XIGTwitterUserCellSpec.m */,
				F951B84216D9F59900BB4B32 /* XIGTwitterUserTableViewControllerSpec.m */,
				F9D5E94116E0F11E00839FE5 /* XIGAppNetClientSpec.m */,
				F9D5E94A16E0FCA600839FE5 /* app.net.doesnotexist.txt */,
				F9D5E94B16E0FCA600839FE5 /* app.net.matt.txt */,
				F9A4D0C716E1BC35005D3EE5 /* XIGAppNetUserSpec.m */,
				BB8511A1195712608D1ED2B7 /* app.net.exists.html */,
				BB8517A0667A6E7C6ABDC303 /* app.net.notexists.html */,
			);
			path = AppNetCheckerTests;
			sourceTree = "<group>";
		};
		F97B554316C7752A005AD777 /* Supporting Files */ = {
			isa = PBXGroup;
			children = (
				F97B554416C7752A005AD777 /* AppNetCheckerTests-Info.plist */,
				F97B554516C7752A005AD777 /* InfoPlist.strings */,
			);
			name = "Supporting Files";
			sourceTree = "<group>";
		};
		F9B29D6016EF7B2E00D16434 /* Resources */ = {
			isa = PBXGroup;
			children = (
				F9BC704E16FC451C00BCF03B /* default-avatar.png */,
				F9BC704F16FC451C00BCF03B /* default-avatar@2x.png */,
				F9D2E4D516EADAE4006A1A06 /* YanoneKaffeesatz-Thin.ttf */,
				F9D2E4DE16EADD14006A1A06 /* YanoneKaffeesatz-Bold.ttf */,
				F9D2E4DF16EADD14006A1A06 /* YanoneKaffeesatz-Light.ttf */,
				F9D2E4E016EADD14006A1A06 /* YanoneKaffeesatz-Regular.ttf */,
				F96CDC2916ECA84800D03306 /* Flat-UI-Icons-24.ttf */,
				F9ED15A616EB3A29008E8404 /* logo@2x.png */,
				F9ED15A716EB3A29008E8404 /* NavigationBar.png */,
				F9ED15A816EB3A29008E8404 /* NavigationBar@2x.png */,
				F9ED15A916EB3A29008E8404 /* ToolBar.png */,
				F9ED15AA16EB3A29008E8404 /* ToolBar@2x.png */,
				F96CDC1516EC5DA900D03306 /* BackArrow.png */,
				F96CDC1616EC5DA900D03306 /* BackArrow@2x.png */,
				F96CDC2116EC652A00D03306 /* empty.png */,
				F96CDC2216EC652A00D03306 /* empty@2x.png */,
				F96CDC2B16ECADD600D03306 /* app.net-logo.png */,
				F96CDC2C16ECADD600D03306 /* app.net-logo@2x.png */,
				F96CDC2D16ECADD600D03306 /* twitter-logo.png */,
				F96CDC2E16ECADD600D03306 /* twitter-logo@2x.png */,
			);
			name = Resources;
			sourceTree = "<group>";
		};
		F9B29D6116EF7B4900D16434 /* Vendor */ = {
			isa = PBXGroup;
			children = (
				F9B29D6216EF7B9000D16434 /* TFHpple.h */,
				F9B29D6316EF7B9000D16434 /* TFHpple.m */,
				F9B29D6416EF7B9000D16434 /* TFHppleElement.h */,
				F9B29D6516EF7B9000D16434 /* TFHppleElement.m */,
				F9B29D6616EF7B9000D16434 /* XPathQuery.h */,
				F9B29D6716EF7B9000D16434 /* XPathQuery.m */,
			);
			name = Vendor;
			sourceTree = "<group>";
		};
		F9BBFF6716CA7B3700CEE372 /* Spec Helpers */ = {
			isa = PBXGroup;
			children = (
				F991A61716CB809C00BDB36F /* KWSpec+Fixture.h */,
				F991A61816CB809C00BDB36F /* KWSpec+Fixture.m */,
				F9BBFF6416CA79D900CEE372 /* ACAccount+XIGTest.h */,
				F9BBFF6516CA79D900CEE372 /* ACAccount+XIGTest.m */,
				F97B555E16C7917C005AD777 /* KiwiHack.h */,
				F9D52EC916CA225700ABC885 /* NSObject+XIGKiwiMockAddition.h */,
				F9D52ECA16CA225700ABC885 /* NSObject+XIGKiwiMockAddition.m */,
				F9FC0C6D16DCEABF00B45347 /* XIGTwitterUser+XIGTest.h */,
				F9FC0C6E16DCEABF00B45347 /* XIGTwitterUser+XIGTest.m */,
			);
			name = "Spec Helpers";
			sourceTree = "<group>";
		};
		F9D2E4D716EADAFD006A1A06 /* UIFont */ = {
			isa = PBXGroup;
			children = (
				F9D2E4D816EADB0F006A1A06 /* UIFont+XIGAppNetChecker.h */,
				F9D2E4D916EADB0F006A1A06 /* UIFont+XIGAppNetChecker.m */,
			);
			name = UIFont;
			sourceTree = "<group>";
		};
		F9E76F8F16E3558A003E1B26 /* Categories */ = {
			isa = PBXGroup;
			children = (
				F9ED15B416EB40F2008E8404 /* UITableView */,
				F9ED15B016EB3A3B008E8404 /* UIColor */,
				F9D2E4D716EADAFD006A1A06 /* UIFont */,
				F917B55816E3713D00A8ABE8 /* UIBarButtonItem */,
				F9E76F9816E3567B003E1B26 /* NSIndexPath */,
				F9E76F9616E355D8003E1B26 /* NSArray */,
				F9E76F9516E355C7003E1B26 /* UIViewController */,
				F9E76F9416E355BA003E1B26 /* UIStoryboard */,
				F9E76F9316E355A7003E1B26 /* UIView */,
				BB8519818F78B6D0C239D0B5 /* GVUserDefaults */,
			);
			name = Categories;
			sourceTree = "<group>";
		};
		F9E76F9016E35593003E1B26 /* Views */ = {
			isa = PBXGroup;
			children = (
				F96CDC2516ECA0EA00D03306 /* TwitterUserCell */,
				F90C202116C8EF3100F29905 /* XIGAccountErrorCell.h */,
				F90C202216C8EF3100F29905 /* XIGAccountErrorCell.m */,
				F99F64D216E8D74800ABC8CC /* XIGTwitterAccountCell.h */,
				F99F64D316E8D74800ABC8CC /* XIGTwitterAccountCell.m */,
				BB85144EB0015B9E950A1B82 /* XIGHelpButton.m */,
				BB851A5B0F42847ABB7F337F /* XIGHelpButton.h */,
			);
			name = Views;
			sourceTree = "<group>";
		};
		F9E76F9116E35598003E1B26 /* Controllers */ = {
			isa = PBXGroup;
			children = (
				F97B556516C7AB2C005AD777 /* XIGAccountPickerViewController.h */,
				F97B556616C7AB2C005AD777 /* XIGAccountPickerViewController.m */,
				F951B84416D9F5E000BB4B32 /* XIGTwitterUsersTableViewController.h */,
				F951B84516D9F5E000BB4B32 /* XIGTwitterUsersTableViewController.m */,
				F9ED15B816EB4185008E8404 /* XIGTableViewController.h */,
				F9ED15B916EB4185008E8404 /* XIGTableViewController.m */,
				BB851AF3B1825446C7E0E96C /* XIGHelpViewController.m */,
				BB85127E2A70F3F80315323E /* XIGHelpViewController.h */,
				BB851CBF1C8FE6C4C8DD6D1F /* XIGSemiModalController.m */,
				BB851178A6424BC6758E8BE4 /* XIGSemiModalController.h */,
			);
			name = Controllers;
			sourceTree = "<group>";
		};
		F9E76F9216E3559D003E1B26 /* Models */ = {
			isa = PBXGroup;
			children = (
				F97B555416C77FCB005AD777 /* XIGTwitterAccountStore.h */,
				F97B555516C77FCB005AD777 /* XIGTwitterAccountStore.m */,
				F9ACF72716C8FB8800539A23 /* XIGAccountError.h */,
				F9A4D0CC16E1E497005D3EE5 /* XIGUserMatcher.h */,
				F9A4D0CD16E1E497005D3EE5 /* XIGUserMatcher.m */,
				F9A4D0C916E1BC54005D3EE5 /* XIGAppNetUser.h */,
				F9A4D0CA16E1BC54005D3EE5 /* XIGAppNetUser.m */,
				F901A88816D7B91200F17C81 /* XIGTwitterUser.h */,
				F901A88916D7B91200F17C81 /* XIGTwitterUser.m */,
			);
			name = Models;
			sourceTree = "<group>";
		};
		F9E76F9316E355A7003E1B26 /* UIView */ = {
			isa = PBXGroup;
			children = (
				F951B83D16D9ECA800BB4B32 /* UIView+JGLoadFromNib.h */,
				F951B83E16D9ECA800BB4B32 /* UIView+JGLoadFromNib.m */,
			);
			name = UIView;
			sourceTree = "<group>";
		};
		F9E76F9416E355BA003E1B26 /* UIStoryboard */ = {
			isa = PBXGroup;
			children = (
				F97B557116C7AD5A005AD777 /* UIStoryboard+AppNetChecker.h */,
				F97B557216C7AD5A005AD777 /* UIStoryboard+AppNetChecker.m */,
			);
			name = UIStoryboard;
			sourceTree = "<group>";
		};
		F9E76F9516E355C7003E1B26 /* UIViewController */ = {
			isa = PBXGroup;
			children = (
				F90C201A16C8BC8600F29905 /* UIViewController+SLServiceHack.h */,
				F90C201B16C8BC8600F29905 /* UIViewController+SLServiceHack.m */,
			);
			name = UIViewController;
			sourceTree = "<group>";
		};
		F9E76F9616E355D8003E1B26 /* NSArray */ = {
			isa = PBXGroup;
			children = (
				F951B82F16D8EA9F00BB4B32 /* NSArray+JGSlice.h */,
				F951B83016D8EA9F00BB4B32 /* NSArray+JGSlice.m */,
			);
			name = NSArray;
			sourceTree = "<group>";
		};
		F9E76F9716E355EF003E1B26 /* Network */ = {
			isa = PBXGroup;
			children = (
				F9D52EBF16CA0C9E00ABC885 /* XIGTwitterClient+Private.h */,
				F9D52EB916CA043700ABC885 /* XIGTwitterClient.h */,
				F9D52EBA16CA043700ABC885 /* XIGTwitterClient.m */,
				F9D5E94316E0F14B00839FE5 /* XIGAppNetClient.h */,
				F9D5E94416E0F14B00839FE5 /* XIGAppNetClient.m */,
				F9BBFF5F16CA77E300CEE372 /* XIGNSURLRequestBuilder.h */,
				F9BBFF6016CA77E300CEE372 /* XIGNSURLRequestBuilder.m */,
			);
			name = Network;
			sourceTree = "<group>";
		};
		F9E76F9816E3567B003E1B26 /* NSIndexPath */ = {
			isa = PBXGroup;
			children = (
				F9E76F9916E356A6003E1B26 /* NSIndexPath+XIGRange.h */,
				F9E76F9A16E356A6003E1B26 /* NSIndexPath+XIGRange.m */,
			);
			name = NSIndexPath;
			sourceTree = "<group>";
		};
		F9ED15B016EB3A3B008E8404 /* UIColor */ = {
			isa = PBXGroup;
			children = (
				F9ED15B116EB3A4D008E8404 /* UIColor+XIGAppNetChecker.h */,
				F9ED15B216EB3A4D008E8404 /* UIColor+XIGAppNetChecker.m */,
				F9ED15BB16EB7FE6008E8404 /* UIColor+XIGColorManipulation.h */,
				F9ED15BC16EB7FE6008E8404 /* UIColor+XIGColorManipulation.m */,
			);
			name = UIColor;
			sourceTree = "<group>";
		};
		F9ED15B416EB40F2008E8404 /* UITableView */ = {
			isa = PBXGroup;
			children = (
				F9ED15B516EB4131008E8404 /* UITableView+XIGBackgroundView.h */,
				F9ED15B616EB4131008E8404 /* UITableView+XIGBackgroundView.m */,
			);
			name = UITableView;
			sourceTree = "<group>";
		};
/* End PBXGroup section */

/* Begin PBXNativeTarget section */
		F97B551116C7752A005AD777 /* AppNetChecker */ = {
			isa = PBXNativeTarget;
			buildConfigurationList = F97B554D16C7752A005AD777 /* Build configuration list for PBXNativeTarget "AppNetChecker" */;
			buildPhases = (
				F97B550E16C7752A005AD777 /* Sources */,
				F97B550F16C7752A005AD777 /* Frameworks */,
				F97B551016C7752A005AD777 /* Resources */,
				88FDB60BEEEF4678B9CDC72C /* Copy Pods Resources */,
			);
			buildRules = (
			);
			dependencies = (
			);
			name = AppNetChecker;
			productName = AppNetChecker;
			productReference = F97B551216C7752A005AD777 /* AppNetChecker.app */;
			productType = "com.apple.product-type.application";
		};
		F97B553A16C7752A005AD777 /* AppNetCheckerTests */ = {
			isa = PBXNativeTarget;
			buildConfigurationList = F97B555016C7752A005AD777 /* Build configuration list for PBXNativeTarget "AppNetCheckerTests" */;
			buildPhases = (
				F97B553616C7752A005AD777 /* Sources */,
				F97B553716C7752A005AD777 /* Frameworks */,
				F97B553816C7752A005AD777 /* Resources */,
				F97B553916C7752A005AD777 /* ShellScript */,
				1D01D6B649FC474AB4565B14 /* Copy Pods Resources */,
			);
			buildRules = (
			);
			dependencies = (
				F97B554116C7752A005AD777 /* PBXTargetDependency */,
			);
			name = AppNetCheckerTests;
			productName = AppNetCheckerTests;
			productReference = F97B553B16C7752A005AD777 /* AppNetCheckerTests.octest */;
			productType = "com.apple.product-type.bundle";
		};
/* End PBXNativeTarget section */

/* Begin PBXProject section */
		F97B550A16C7752A005AD777 /* Project object */ = {
			isa = PBXProject;
			attributes = {
				CLASSPREFIX = XIG;
				LastUpgradeCheck = 0460;
				ORGANIZATIONNAME = XiaoGou;
			};
			buildConfigurationList = F97B550D16C7752A005AD777 /* Build configuration list for PBXProject "AppNetChecker" */;
			compatibilityVersion = "Xcode 3.2";
			developmentRegion = English;
			hasScannedForEncodings = 0;
			knownRegions = (
				en,
			);
			mainGroup = F97B550916C7752A005AD777;
			productRefGroup = F97B551316C7752A005AD777 /* Products */;
			projectDirPath = "";
			projectRoot = "";
			targets = (
				F97B551116C7752A005AD777 /* AppNetChecker */,
				F97B553A16C7752A005AD777 /* AppNetCheckerTests */,
			);
		};
/* End PBXProject section */

/* Begin PBXResourcesBuildPhase section */
		F97B551016C7752A005AD777 /* Resources */ = {
			isa = PBXResourcesBuildPhase;
			buildActionMask = 2147483647;
			files = (
				F97B552016C7752A005AD777 /* InfoPlist.strings in Resources */,
				F97B552816C7752A005AD777 /* Default.png in Resources */,
				F97B552A16C7752A005AD777 /* Default@2x.png in Resources */,
				F97B552C16C7752A005AD777 /* Default-568h@2x.png in Resources */,
				F97B552F16C7752A005AD777 /* MainStoryboard.storyboard in Resources */,
				F951B84116D9ED0600BB4B32 /* XIGTwitterUserCell.xib in Resources */,
				F9D2E4D616EADAE4006A1A06 /* YanoneKaffeesatz-Thin.ttf in Resources */,
				F9D2E4E116EADD14006A1A06 /* YanoneKaffeesatz-Bold.ttf in Resources */,
				F9D2E4E216EADD14006A1A06 /* YanoneKaffeesatz-Light.ttf in Resources */,
				F9D2E4E316EADD14006A1A06 /* YanoneKaffeesatz-Regular.ttf in Resources */,
				F9ED15AB16EB3A29008E8404 /* logo@2x.png in Resources */,
				F9ED15AC16EB3A29008E8404 /* NavigationBar.png in Resources */,
				F9ED15AD16EB3A29008E8404 /* NavigationBar@2x.png in Resources */,
				F9ED15AE16EB3A29008E8404 /* ToolBar.png in Resources */,
				F9ED15AF16EB3A29008E8404 /* ToolBar@2x.png in Resources */,
				F96CDC1716EC5DA900D03306 /* BackArrow.png in Resources */,
				F96CDC1816EC5DA900D03306 /* BackArrow@2x.png in Resources */,
				F96CDC2316EC652A00D03306 /* empty.png in Resources */,
				F96CDC2416EC652A00D03306 /* empty@2x.png in Resources */,
				F96CDC2A16ECA84800D03306 /* Flat-UI-Icons-24.ttf in Resources */,
				F96CDC2F16ECADD600D03306 /* app.net-logo.png in Resources */,
				F96CDC3016ECADD600D03306 /* app.net-logo@2x.png in Resources */,
				F96CDC3116ECADD600D03306 /* twitter-logo.png in Resources */,
				F96CDC3216ECADD600D03306 /* twitter-logo@2x.png in Resources */,
				BB85116024DD5A6AF11B6718 /* Localizable.strings in Resources */,
				F9BC705016FC451C00BCF03B /* default-avatar.png in Resources */,
				F9BC705116FC451C00BCF03B /* default-avatar@2x.png in Resources */,
			);
			runOnlyForDeploymentPostprocessing = 0;
		};
		F97B553816C7752A005AD777 /* Resources */ = {
			isa = PBXResourcesBuildPhase;
			buildActionMask = 2147483647;
			files = (
				F97B554716C7752A005AD777 /* InfoPlist.strings in Resources */,
				F991A61616CB802C00BDB36F /* friendsId.json in Resources */,
				F991A61B16CBBF7B00BDB36F /* friendsIdWithNextPage.json in Resources */,
				F901A88716D7B2EB00F17C81 /* lookup.json in Resources */,
				F901A88E16D7BAD900F17C81 /* twitterUser.json in Resources */,
				F951B84C16D9FD7B00BB4B32 /* friendsIdPage1.json in Resources */,
				F951B84E16D9FD9D00BB4B32 /* friendsIdPage2.json in Resources */,
				F951B85016D9FE4100BB4B32 /* lookup12.json in Resources */,
				F951B85216D9FEE400BB4B32 /* lookup34.json in Resources */,
				F951B85416D9FF1C00BB4B32 /* lookup56.json in Resources */,
				F951B85616D9FF4800BB4B32 /* lookup7.json in Resources */,
				F9D5E94C16E0FCA600839FE5 /* app.net.doesnotexist.txt in Resources */,
				F9D5E94D16E0FCA600839FE5 /* app.net.matt.txt in Resources */,
				BB851BC2F4B3989EFD77A9A7 /* app.net.exists.html in Resources */,
				BB8510D9E7755A6AAC92ECFC /* app.net.notexists.html in Resources */,
			);
			runOnlyForDeploymentPostprocessing = 0;
		};
/* End PBXResourcesBuildPhase section */

/* Begin PBXShellScriptBuildPhase section */
		1D01D6B649FC474AB4565B14 /* Copy Pods Resources */ = {
			isa = PBXShellScriptBuildPhase;
			buildActionMask = 2147483647;
			files = (
			);
			inputPaths = (
			);
			name = "Copy Pods Resources";
			outputPaths = (
			);
			runOnlyForDeploymentPostprocessing = 0;
			shellPath = /bin/sh;
			shellScript = "\"${SRCROOT}/Pods/Pods-AppNetCheckerTests-resources.sh\"\n";
		};
		88FDB60BEEEF4678B9CDC72C /* Copy Pods Resources */ = {
			isa = PBXShellScriptBuildPhase;
			buildActionMask = 2147483647;
			files = (
			);
			inputPaths = (
			);
			name = "Copy Pods Resources";
			outputPaths = (
			);
			runOnlyForDeploymentPostprocessing = 0;
			shellPath = /bin/sh;
			shellScript = "\"${SRCROOT}/Pods/Pods-resources.sh\"\n";
		};
		F97B553916C7752A005AD777 /* ShellScript */ = {
			isa = PBXShellScriptBuildPhase;
			buildActionMask = 2147483647;
			files = (
			);
			inputPaths = (
			);
			outputPaths = (
			);
			runOnlyForDeploymentPostprocessing = 0;
			shellPath = /bin/sh;
			shellScript = "# Run the unit tests in this test bundle.\n\"${SYSTEM_DEVELOPER_DIR}/Tools/RunUnitTests\"\n";
		};
/* End PBXShellScriptBuildPhase section */

/* Begin PBXSourcesBuildPhase section */
		F97B550E16C7752A005AD777 /* Sources */ = {
			isa = PBXSourcesBuildPhase;
			buildActionMask = 2147483647;
			files = (
				F97B552216C7752A005AD777 /* main.m in Sources */,
				F97B552616C7752A005AD777 /* XIGAppDelegate.m in Sources */,
				F97B555616C77FCB005AD777 /* XIGTwitterAccountStore.m in Sources */,
				F97B556716C7AB2C005AD777 /* XIGAccountPickerViewController.m in Sources */,
				F97B557316C7AD5A005AD777 /* UIStoryboard+AppNetChecker.m in Sources */,
				F90C201C16C8BC8600F29905 /* UIViewController+SLServiceHack.m in Sources */,
				F90C202316C8EF3100F29905 /* XIGAccountErrorCell.m in Sources */,
				F9D52EBB16CA043700ABC885 /* XIGTwitterClient.m in Sources */,
				F9BBFF6116CA77E300CEE372 /* XIGNSURLRequestBuilder.m in Sources */,
				F901A88A16D7B91200F17C81 /* XIGTwitterUser.m in Sources */,
				F951B83116D8EA9F00BB4B32 /* NSArray+JGSlice.m in Sources */,
				F951B83C16D9EA5400BB4B32 /* XIGTwitterUserCell.m in Sources */,
				F951B83F16D9ECA800BB4B32 /* UIView+JGLoadFromNib.m in Sources */,
				F951B84616D9F5E000BB4B32 /* XIGTwitterUsersTableViewController.m in Sources */,
				F9D5E94516E0F14B00839FE5 /* XIGAppNetClient.m in Sources */,
				F9A4D0CB16E1BC54005D3EE5 /* XIGAppNetUser.m in Sources */,
				F9A4D0CE16E1E497005D3EE5 /* XIGUserMatcher.m in Sources */,
				F9E76F9B16E356A6003E1B26 /* NSIndexPath+XIGRange.m in Sources */,
				F917B55B16E3715900A8ABE8 /* UIBarButtonItem+XIGItem.m in Sources */,
				F99F64D416E8D74800ABC8CC /* XIGTwitterAccountCell.m in Sources */,
				F9D2E4DA16EADB0F006A1A06 /* UIFont+XIGAppNetChecker.m in Sources */,
				F9ED15B316EB3A4D008E8404 /* UIColor+XIGAppNetChecker.m in Sources */,
				F9ED15B716EB4131008E8404 /* UITableView+XIGBackgroundView.m in Sources */,
				F9ED15BA16EB4185008E8404 /* XIGTableViewController.m in Sources */,
				F9ED15BD16EB7FE6008E8404 /* UIColor+XIGColorManipulation.m in Sources */,
				F9B29D6816EF7B9000D16434 /* TFHpple.m in Sources */,
				F9B29D6916EF7B9000D16434 /* TFHppleElement.m in Sources */,
				F9B29D6A16EF7B9000D16434 /* XPathQuery.m in Sources */,
				BB851ECE45FDF6558A611194 /* XIGHelpViewController.m in Sources */,
				BB8518E58BD63465DD4466CC /* XIGSemiModalController.m in Sources */,
				BB851EB2BD45427F2DE1C8FE /* XIGHelpButton.m in Sources */,
				BB85179529F415E85065EACC /* GVUserDefaults+Properties.m in Sources */,
			);
			runOnlyForDeploymentPostprocessing = 0;
		};
		F97B553616C7752A005AD777 /* Sources */ = {
			isa = PBXSourcesBuildPhase;
			buildActionMask = 2147483647;
			files = (
				F97B555D16C78F41005AD777 /* XIGTwitterAccountStoreSpec.m in Sources */,
				F97B556416C7A469005AD777 /* FakeAccountStore.m in Sources */,
				F97B556E16C7AC5F005AD777 /* XIGAccountPickerSpec.m in Sources */,
				F97B557016C7ACB0005AD777 /* UIStoryboardSpec.m in Sources */,
				F9ACF72616C8F99700539A23 /* XIGAccountErrorCellSpec.m in Sources */,
				F9D52EB816CA02B800ABC885 /* XIGTwitterClientGetIdsSpec.m in Sources */,
				F9D52ECB16CA225700ABC885 /* NSObject+XIGKiwiMockAddition.m in Sources */,
				F9BBFF6316CA782A00CEE372 /* XIGNSURLRequestBuilderSpec.m in Sources */,
				F9BBFF6616CA79D900CEE372 /* ACAccount+XIGTest.m in Sources */,
				F991A61916CB809C00BDB36F /* KWSpec+Fixture.m in Sources */,
				F9C37F0B16D666E400955CE1 /* XIGTwitterClientGetProfilesSpec.m in Sources */,
				F901A88C16D7B97F00F17C81 /* XIGTwitterUserSpec.m in Sources */,
				F951B82E16D8EA7E00BB4B32 /* XIGArraySliceSpec.m in Sources */,
				F951B83916D9EA3600BB4B32 /* XIGTwitterUserCellSpec.m in Sources */,
				F951B84316D9F59900BB4B32 /* XIGTwitterUserTableViewControllerSpec.m in Sources */,
				F951B84816D9FB6800BB4B32 /* XIGTwitterClientGetFriendsSpec.m in Sources */,
				F9FC0C6F16DCEABF00B45347 /* XIGTwitterUser+XIGTest.m in Sources */,
				F9D5E94216E0F11E00839FE5 /* XIGAppNetClientSpec.m in Sources */,
				F9A4D0C816E1BC35005D3EE5 /* XIGAppNetUserSpec.m in Sources */,
			);
			runOnlyForDeploymentPostprocessing = 0;
		};
/* End PBXSourcesBuildPhase section */

/* Begin PBXTargetDependency section */
		F97B554116C7752A005AD777 /* PBXTargetDependency */ = {
			isa = PBXTargetDependency;
			target = F97B551116C7752A005AD777 /* AppNetChecker */;
			targetProxy = F97B554016C7752A005AD777 /* PBXContainerItemProxy */;
		};
/* End PBXTargetDependency section */

/* Begin PBXVariantGroup section */
		F97B551E16C7752A005AD777 /* InfoPlist.strings */ = {
			isa = PBXVariantGroup;
			children = (
				F97B551F16C7752A005AD777 /* en */,
			);
			name = InfoPlist.strings;
			sourceTree = "<group>";
		};
		F97B552D16C7752A005AD777 /* MainStoryboard.storyboard */ = {
			isa = PBXVariantGroup;
			children = (
				F97B552E16C7752A005AD777 /* en */,
			);
			name = MainStoryboard.storyboard;
			sourceTree = "<group>";
		};
		F97B554516C7752A005AD777 /* InfoPlist.strings */ = {
			isa = PBXVariantGroup;
			children = (
				F97B554616C7752A005AD777 /* en */,
			);
			name = InfoPlist.strings;
			sourceTree = "<group>";
		};
/* End PBXVariantGroup section */

/* Begin XCBuildConfiguration section */
		F97B554B16C7752A005AD777 /* Debug */ = {
			isa = XCBuildConfiguration;
			buildSettings = {
				ALWAYS_SEARCH_USER_PATHS = NO;
				CLANG_CXX_LANGUAGE_STANDARD = "gnu++0x";
				CLANG_CXX_LIBRARY = "libc++";
				CLANG_ENABLE_OBJC_ARC = YES;
				CLANG_WARN_CONSTANT_CONVERSION = YES;
				CLANG_WARN_EMPTY_BODY = YES;
				CLANG_WARN_ENUM_CONVERSION = YES;
				CLANG_WARN_INT_CONVERSION = YES;
				CLANG_WARN__DUPLICATE_METHOD_MATCH = YES;
				"CODE_SIGN_IDENTITY[sdk=iphoneos*]" = "iPhone Developer";
				COPY_PHASE_STRIP = NO;
				GCC_C_LANGUAGE_STANDARD = gnu99;
				GCC_DYNAMIC_NO_PIC = NO;
				GCC_OPTIMIZATION_LEVEL = 0;
				GCC_PREPROCESSOR_DEFINITIONS = (
					"DEBUG=1",
					"$(inherited)",
				);
				GCC_SYMBOLS_PRIVATE_EXTERN = NO;
				GCC_WARN_ABOUT_RETURN_TYPE = YES;
				GCC_WARN_UNINITIALIZED_AUTOS = YES;
				GCC_WARN_UNUSED_VARIABLE = YES;
				HEADER_SEARCH_PATHS = (
					/usr/include/libxml2,
					"$(inherited)",
				);
				IPHONEOS_DEPLOYMENT_TARGET = 6.1;
				ONLY_ACTIVE_ARCH = YES;
				SDKROOT = iphoneos;
			};
			name = Debug;
		};
		F97B554C16C7752A005AD777 /* Release */ = {
			isa = XCBuildConfiguration;
			buildSettings = {
				ALWAYS_SEARCH_USER_PATHS = NO;
				CLANG_CXX_LANGUAGE_STANDARD = "gnu++0x";
				CLANG_CXX_LIBRARY = "libc++";
				CLANG_ENABLE_OBJC_ARC = YES;
				CLANG_WARN_CONSTANT_CONVERSION = YES;
				CLANG_WARN_EMPTY_BODY = YES;
				CLANG_WARN_ENUM_CONVERSION = YES;
				CLANG_WARN_INT_CONVERSION = YES;
				CLANG_WARN__DUPLICATE_METHOD_MATCH = YES;
				"CODE_SIGN_IDENTITY[sdk=iphoneos*]" = "iPhone Developer";
				COPY_PHASE_STRIP = YES;
				GCC_C_LANGUAGE_STANDARD = gnu99;
				GCC_WARN_ABOUT_RETURN_TYPE = YES;
				GCC_WARN_UNINITIALIZED_AUTOS = YES;
				GCC_WARN_UNUSED_VARIABLE = YES;
				HEADER_SEARCH_PATHS = (
					/usr/include/libxml2,
					"$(inherited)",
				);
				IPHONEOS_DEPLOYMENT_TARGET = 6.1;
				OTHER_CFLAGS = "-DNS_BLOCK_ASSERTIONS=1";
				SDKROOT = iphoneos;
				VALIDATE_PRODUCT = YES;
			};
			name = Release;
		};
		F97B554E16C7752A005AD777 /* Debug */ = {
			isa = XCBuildConfiguration;
			baseConfigurationReference = 77644BD0F970460FAC7B1976 /* Pods.xcconfig */;
			buildSettings = {
				GCC_PRECOMPILE_PREFIX_HEADER = YES;
				GCC_PREFIX_HEADER = "AppNetChecker/AppNetChecker-Prefix.pch";
				HEADER_SEARCH_PATHS = (
					"$(inherited)",
					"${PODS_HEADERS_SEARCH_PATHS}",
					"$(SDKROOT)/usr/include/libxml2",
				);
				INFOPLIST_FILE = "AppNetChecker/AppNetChecker-Info.plist";
				PRODUCT_NAME = "$(TARGET_NAME)";
				USER_HEADER_SEARCH_PATHS = "\"${PROJECT_DIR}/Pods\"/**";
				WRAPPER_EXTENSION = app;
			};
			name = Debug;
		};
		F97B554F16C7752A005AD777 /* Release */ = {
			isa = XCBuildConfiguration;
			baseConfigurationReference = 77644BD0F970460FAC7B1976 /* Pods.xcconfig */;
			buildSettings = {
				GCC_PRECOMPILE_PREFIX_HEADER = YES;
				GCC_PREFIX_HEADER = "AppNetChecker/AppNetChecker-Prefix.pch";
				HEADER_SEARCH_PATHS = (
					"$(inherited)",
					"${PODS_HEADERS_SEARCH_PATHS}",
					"$(SDKROOT)/usr/include/libxml2",
				);
				INFOPLIST_FILE = "AppNetChecker/AppNetChecker-Info.plist";
				PRODUCT_NAME = "$(TARGET_NAME)";
				USER_HEADER_SEARCH_PATHS = "\"${PROJECT_DIR}/Pods\"/**";
				WRAPPER_EXTENSION = app;
			};
			name = Release;
		};
		F97B555116C7752A005AD777 /* Debug */ = {
			isa = XCBuildConfiguration;
			baseConfigurationReference = 9DDEF45281FD4CE59F75EA06 /* Pods-AppNetCheckerTests.xcconfig */;
			buildSettings = {
				BUNDLE_LOADER = "$(BUILT_PRODUCTS_DIR)/AppNetChecker.app/AppNetChecker";
				FRAMEWORK_SEARCH_PATHS = (
					"\"$(SDKROOT)/Developer/Library/Frameworks\"",
					"\"$(DEVELOPER_LIBRARY_DIR)/Frameworks\"",
				);
				GCC_PRECOMPILE_PREFIX_HEADER = YES;
				GCC_PREFIX_HEADER = "AppNetChecker/AppNetChecker-Prefix.pch";
				INFOPLIST_FILE = "AppNetCheckerTests/AppNetCheckerTests-Info.plist";
				PRODUCT_NAME = "$(TARGET_NAME)";
				TEST_HOST = "$(BUNDLE_LOADER)";
				WRAPPER_EXTENSION = octest;
			};
			name = Debug;
		};
		F97B555216C7752A005AD777 /* Release */ = {
			isa = XCBuildConfiguration;
			baseConfigurationReference = 9DDEF45281FD4CE59F75EA06 /* Pods-AppNetCheckerTests.xcconfig */;
			buildSettings = {
				BUNDLE_LOADER = "$(BUILT_PRODUCTS_DIR)/AppNetChecker.app/AppNetChecker";
				FRAMEWORK_SEARCH_PATHS = (
					"\"$(SDKROOT)/Developer/Library/Frameworks\"",
					"\"$(DEVELOPER_LIBRARY_DIR)/Frameworks\"",
				);
				GCC_PRECOMPILE_PREFIX_HEADER = YES;
				GCC_PREFIX_HEADER = "AppNetChecker/AppNetChecker-Prefix.pch";
				INFOPLIST_FILE = "AppNetCheckerTests/AppNetCheckerTests-Info.plist";
				PRODUCT_NAME = "$(TARGET_NAME)";
				TEST_HOST = "$(BUNDLE_LOADER)";
				WRAPPER_EXTENSION = octest;
			};
			name = Release;
		};
/* End XCBuildConfiguration section */

/* Begin XCConfigurationList section */
		F97B550D16C7752A005AD777 /* Build configuration list for PBXProject "AppNetChecker" */ = {
			isa = XCConfigurationList;
			buildConfigurations = (
				F97B554B16C7752A005AD777 /* Debug */,
				F97B554C16C7752A005AD777 /* Release */,
			);
			defaultConfigurationIsVisible = 0;
			defaultConfigurationName = Release;
		};
		F97B554D16C7752A005AD777 /* Build configuration list for PBXNativeTarget "AppNetChecker" */ = {
			isa = XCConfigurationList;
			buildConfigurations = (
				F97B554E16C7752A005AD777 /* Debug */,
				F97B554F16C7752A005AD777 /* Release */,
			);
			defaultConfigurationIsVisible = 0;
			defaultConfigurationName = Release;
		};
		F97B555016C7752A005AD777 /* Build configuration list for PBXNativeTarget "AppNetCheckerTests" */ = {
			isa = XCConfigurationList;
			buildConfigurations = (
				F97B555116C7752A005AD777 /* Debug */,
				F97B555216C7752A005AD777 /* Release */,
			);
			defaultConfigurationIsVisible = 0;
			defaultConfigurationName = Release;
		};
/* End XCConfigurationList section */
	};
	rootObject = F97B550A16C7752A005AD777 /* Project object */;
}
