// !$*UTF8*$!
{
	archiveVersion = 1;
	classes = {
	};
	objectVersion = 46;
	objects = {

/* Begin PBXBuildFile section */
		7E6E481E263742F9A0C55CB8 /* libPods-AppNetCheckerTests.a in Frameworks */ = {isa = PBXBuildFile; fileRef = 164169FAEA284DC88A60012F /* libPods-AppNetCheckerTests.a */; };
		C28CEACFFAEB49CD958D3A20 /* libPods.a in Frameworks */ = {isa = PBXBuildFile; fileRef = 773C3C7EAB274B1BA845227F /* libPods.a */; };
		F90C201916C8BC4F00F29905 /* Social.framework in Frameworks */ = {isa = PBXBuildFile; fileRef = F97B555F16C79D4A005AD777 /* Social.framework */; };
		F90C201C16C8BC8600F29905 /* UIViewController+SLServiceHack.m in Sources */ = {isa = PBXBuildFile; fileRef = F90C201B16C8BC8600F29905 /* UIViewController+SLServiceHack.m */; };
		F90C202016C8E09100F29905 /* Social.framework in Frameworks */ = {isa = PBXBuildFile; fileRef = F97B555F16C79D4A005AD777 /* Social.framework */; };
		F90C202316C8EF3100F29905 /* XIGAccountErrorCell.m in Sources */ = {isa = PBXBuildFile; fileRef = F90C202216C8EF3100F29905 /* XIGAccountErrorCell.m */; };
		F97B551616C7752A005AD777 /* UIKit.framework in Frameworks */ = {isa = PBXBuildFile; fileRef = F97B551516C7752A005AD777 /* UIKit.framework */; };
		F97B551816C7752A005AD777 /* Foundation.framework in Frameworks */ = {isa = PBXBuildFile; fileRef = F97B551716C7752A005AD777 /* Foundation.framework */; };
		F97B551A16C7752A005AD777 /* CoreGraphics.framework in Frameworks */ = {isa = PBXBuildFile; fileRef = F97B551916C7752A005AD777 /* CoreGraphics.framework */; };
		F97B552016C7752A005AD777 /* InfoPlist.strings in Resources */ = {isa = PBXBuildFile; fileRef = F97B551E16C7752A005AD777 /* InfoPlist.strings */; };
		F97B552216C7752A005AD777 /* main.m in Sources */ = {isa = PBXBuildFile; fileRef = F97B552116C7752A005AD777 /* main.m */; };
		F97B552616C7752A005AD777 /* XIGAppDelegate.m in Sources */ = {isa = PBXBuildFile; fileRef = F97B552516C7752A005AD777 /* XIGAppDelegate.m */; };
		F97B552816C7752A005AD777 /* Default.png in Resources */ = {isa = PBXBuildFile; fileRef = F97B552716C7752A005AD777 /* Default.png */; };
		F97B552A16C7752A005AD777 /* Default@2x.png in Resources */ = {isa = PBXBuildFile; fileRef = F97B552916C7752A005AD777 /* Default@2x.png */; };
		F97B552C16C7752A005AD777 /* Default-568h@2x.png in Resources */ = {isa = PBXBuildFile; fileRef = F97B552B16C7752A005AD777 /* Default-568h@2x.png */; };
		F97B552F16C7752A005AD777 /* MainStoryboard.storyboard in Resources */ = {isa = PBXBuildFile; fileRef = F97B552D16C7752A005AD777 /* MainStoryboard.storyboard */; };
		F97B553D16C7752A005AD777 /* SenTestingKit.framework in Frameworks */ = {isa = PBXBuildFile; fileRef = F97B553C16C7752A005AD777 /* SenTestingKit.framework */; };
		F97B553E16C7752A005AD777 /* UIKit.framework in Frameworks */ = {isa = PBXBuildFile; fileRef = F97B551516C7752A005AD777 /* UIKit.framework */; };
		F97B553F16C7752A005AD777 /* Foundation.framework in Frameworks */ = {isa = PBXBuildFile; fileRef = F97B551716C7752A005AD777 /* Foundation.framework */; };
		F97B554716C7752A005AD777 /* InfoPlist.strings in Resources */ = {isa = PBXBuildFile; fileRef = F97B554516C7752A005AD777 /* InfoPlist.strings */; };
		F97B555616C77FCB005AD777 /* XIGTwitterAccountStore.m in Sources */ = {isa = PBXBuildFile; fileRef = F97B555516C77FCB005AD777 /* XIGTwitterAccountStore.m */; };
		F97B555916C78046005AD777 /* Accounts.framework in Frameworks */ = {isa = PBXBuildFile; fileRef = F97B555716C78034005AD777 /* Accounts.framework */; };
		F97B555D16C78F41005AD777 /* XIGTwitterAccountStoreSpec.m in Sources */ = {isa = PBXBuildFile; fileRef = F97B555C16C78F41005AD777 /* XIGTwitterAccountStoreSpec.m */; };
		F97B556116C79DF8005AD777 /* Accounts.framework in Frameworks */ = {isa = PBXBuildFile; fileRef = F97B555716C78034005AD777 /* Accounts.framework */; };
		F97B556416C7A469005AD777 /* FakeAccountStore.m in Sources */ = {isa = PBXBuildFile; fileRef = F97B556316C7A469005AD777 /* FakeAccountStore.m */; };
		F97B556716C7AB2C005AD777 /* XIGAccountPickerViewController.m in Sources */ = {isa = PBXBuildFile; fileRef = F97B556616C7AB2C005AD777 /* XIGAccountPickerViewController.m */; };
		F97B556E16C7AC5F005AD777 /* XIGAccountPickerSpec.m in Sources */ = {isa = PBXBuildFile; fileRef = F97B556D16C7AC5F005AD777 /* XIGAccountPickerSpec.m */; };
		F97B557016C7ACB0005AD777 /* UIStoryboardSpec.m in Sources */ = {isa = PBXBuildFile; fileRef = F97B556F16C7ACB0005AD777 /* UIStoryboardSpec.m */; };
		F97B557316C7AD5A005AD777 /* UIStoryboard+AppNetChecker.m in Sources */ = {isa = PBXBuildFile; fileRef = F97B557216C7AD5A005AD777 /* UIStoryboard+AppNetChecker.m */; };
		F982C4CF16D0C3AD00B7B9A3 /* CFNetwork.framework in Frameworks */ = {isa = PBXBuildFile; fileRef = F982C4CE16D0C3AD00B7B9A3 /* CFNetwork.framework */; };
		F991A61616CB802C00BDB36F /* friendsId.json in Resources */ = {isa = PBXBuildFile; fileRef = F991A61516CB802C00BDB36F /* friendsId.json */; };
		F991A61916CB809C00BDB36F /* KWSpec+Fixture.m in Sources */ = {isa = PBXBuildFile; fileRef = F991A61816CB809C00BDB36F /* KWSpec+Fixture.m */; };
		F991A61B16CBBF7B00BDB36F /* friendsIdWithNextPage.json in Resources */ = {isa = PBXBuildFile; fileRef = F991A61A16CBBF7B00BDB36F /* friendsIdWithNextPage.json */; };
		F9ACF72616C8F99700539A23 /* XIGAccountErrorCellSpec.m in Sources */ = {isa = PBXBuildFile; fileRef = F9ACF72516C8F99700539A23 /* XIGAccountErrorCellSpec.m */; };
		F9ACF72816C901FB00539A23 /* CoreGraphics.framework in Frameworks */ = {isa = PBXBuildFile; fileRef = F97B551916C7752A005AD777 /* CoreGraphics.framework */; };
		F9BBFF6116CA77E300CEE372 /* XIGNSURLRequestBuilder.m in Sources */ = {isa = PBXBuildFile; fileRef = F9BBFF6016CA77E300CEE372 /* XIGNSURLRequestBuilder.m */; };
		F9BBFF6316CA782A00CEE372 /* XIGNSURLRequestBuilderSpec.m in Sources */ = {isa = PBXBuildFile; fileRef = F9BBFF6216CA782A00CEE372 /* XIGNSURLRequestBuilderSpec.m */; };
		F9BBFF6616CA79D900CEE372 /* ACAccount+XIGTest.m in Sources */ = {isa = PBXBuildFile; fileRef = F9BBFF6516CA79D900CEE372 /* ACAccount+XIGTest.m */; };
		F9D52EB816CA02B800ABC885 /* XIGTwitterClientSpec.m in Sources */ = {isa = PBXBuildFile; fileRef = F9D52EB716CA02B800ABC885 /* XIGTwitterClientSpec.m */; };
		F9D52EBB16CA043700ABC885 /* XIGTwitterClient.m in Sources */ = {isa = PBXBuildFile; fileRef = F9D52EBA16CA043700ABC885 /* XIGTwitterClient.m */; };
		F9D52ECB16CA225700ABC885 /* NSObject+XIGKiwiMockAddition.m in Sources */ = {isa = PBXBuildFile; fileRef = F9D52ECA16CA225700ABC885 /* NSObject+XIGKiwiMockAddition.m */; };
/* End PBXBuildFile section */

/* Begin PBXContainerItemProxy section */
		F97B554016C7752A005AD777 /* PBXContainerItemProxy */ = {
			isa = PBXContainerItemProxy;
			containerPortal = F97B550A16C7752A005AD777 /* Project object */;
			proxyType = 1;
			remoteGlobalIDString = F97B551116C7752A005AD777;
			remoteInfo = AppNetChecker;
		};
/* End PBXContainerItemProxy section */

/* Begin PBXFileReference section */
		164169FAEA284DC88A60012F /* libPods-AppNetCheckerTests.a */ = {isa = PBXFileReference; explicitFileType = archive.ar; includeInIndex = 0; path = "libPods-AppNetCheckerTests.a"; sourceTree = BUILT_PRODUCTS_DIR; };
		773C3C7EAB274B1BA845227F /* libPods.a */ = {isa = PBXFileReference; explicitFileType = archive.ar; includeInIndex = 0; path = libPods.a; sourceTree = BUILT_PRODUCTS_DIR; };
		77644BD0F970460FAC7B1976 /* Pods.xcconfig */ = {isa = PBXFileReference; includeInIndex = 1; lastKnownFileType = text.xcconfig; name = Pods.xcconfig; path = Pods/Pods.xcconfig; sourceTree = SOURCE_ROOT; };
		9DDEF45281FD4CE59F75EA06 /* Pods-AppNetCheckerTests.xcconfig */ = {isa = PBXFileReference; includeInIndex = 1; lastKnownFileType = text.xcconfig; name = "Pods-AppNetCheckerTests.xcconfig"; path = "Pods/Pods-AppNetCheckerTests.xcconfig"; sourceTree = SOURCE_ROOT; };
		F90C201A16C8BC8600F29905 /* UIViewController+SLServiceHack.h */ = {isa = PBXFileReference; fileEncoding = 4; lastKnownFileType = sourcecode.c.h; path = "UIViewController+SLServiceHack.h"; sourceTree = "<group>"; };
		F90C201B16C8BC8600F29905 /* UIViewController+SLServiceHack.m */ = {isa = PBXFileReference; fileEncoding = 4; lastKnownFileType = sourcecode.c.objc; path = "UIViewController+SLServiceHack.m"; sourceTree = "<group>"; };
		F90C202116C8EF3100F29905 /* XIGAccountErrorCell.h */ = {isa = PBXFileReference; fileEncoding = 4; lastKnownFileType = sourcecode.c.h; path = XIGAccountErrorCell.h; sourceTree = "<group>"; };
		F90C202216C8EF3100F29905 /* XIGAccountErrorCell.m */ = {isa = PBXFileReference; fileEncoding = 4; lastKnownFileType = sourcecode.c.objc; path = XIGAccountErrorCell.m; sourceTree = "<group>"; };
		F97B551216C7752A005AD777 /* AppNetChecker.app */ = {isa = PBXFileReference; explicitFileType = wrapper.application; includeInIndex = 0; path = AppNetChecker.app; sourceTree = BUILT_PRODUCTS_DIR; };
		F97B551516C7752A005AD777 /* UIKit.framework */ = {isa = PBXFileReference; lastKnownFileType = wrapper.framework; name = UIKit.framework; path = System/Library/Frameworks/UIKit.framework; sourceTree = SDKROOT; };
		F97B551716C7752A005AD777 /* Foundation.framework */ = {isa = PBXFileReference; lastKnownFileType = wrapper.framework; name = Foundation.framework; path = System/Library/Frameworks/Foundation.framework; sourceTree = SDKROOT; };
		F97B551916C7752A005AD777 /* CoreGraphics.framework */ = {isa = PBXFileReference; lastKnownFileType = wrapper.framework; name = CoreGraphics.framework; path = System/Library/Frameworks/CoreGraphics.framework; sourceTree = SDKROOT; };
		F97B551D16C7752A005AD777 /* AppNetChecker-Info.plist */ = {isa = PBXFileReference; lastKnownFileType = text.plist.xml; path = "AppNetChecker-Info.plist"; sourceTree = "<group>"; };
		F97B551F16C7752A005AD777 /* en */ = {isa = PBXFileReference; lastKnownFileType = text.plist.strings; name = en; path = en.lproj/InfoPlist.strings; sourceTree = "<group>"; };
		F97B552116C7752A005AD777 /* main.m */ = {isa = PBXFileReference; lastKnownFileType = sourcecode.c.objc; path = main.m; sourceTree = "<group>"; };
		F97B552316C7752A005AD777 /* AppNetChecker-Prefix.pch */ = {isa = PBXFileReference; lastKnownFileType = sourcecode.c.h; path = "AppNetChecker-Prefix.pch"; sourceTree = "<group>"; };
		F97B552416C7752A005AD777 /* XIGAppDelegate.h */ = {isa = PBXFileReference; lastKnownFileType = sourcecode.c.h; path = XIGAppDelegate.h; sourceTree = "<group>"; };
		F97B552516C7752A005AD777 /* XIGAppDelegate.m */ = {isa = PBXFileReference; lastKnownFileType = sourcecode.c.objc; path = XIGAppDelegate.m; sourceTree = "<group>"; };
		F97B552716C7752A005AD777 /* Default.png */ = {isa = PBXFileReference; lastKnownFileType = image.png; path = Default.png; sourceTree = "<group>"; };
		F97B552916C7752A005AD777 /* Default@2x.png */ = {isa = PBXFileReference; lastKnownFileType = image.png; path = "Default@2x.png"; sourceTree = "<group>"; };
		F97B552B16C7752A005AD777 /* Default-568h@2x.png */ = {isa = PBXFileReference; lastKnownFileType = image.png; path = "Default-568h@2x.png"; sourceTree = "<group>"; };
		F97B552E16C7752A005AD777 /* en */ = {isa = PBXFileReference; lastKnownFileType = file.storyboard; name = en; path = en.lproj/MainStoryboard.storyboard; sourceTree = "<group>"; };
		F97B553B16C7752A005AD777 /* AppNetCheckerTests.octest */ = {isa = PBXFileReference; explicitFileType = wrapper.cfbundle; includeInIndex = 0; path = AppNetCheckerTests.octest; sourceTree = BUILT_PRODUCTS_DIR; };
		F97B553C16C7752A005AD777 /* SenTestingKit.framework */ = {isa = PBXFileReference; lastKnownFileType = wrapper.framework; name = SenTestingKit.framework; path = Library/Frameworks/SenTestingKit.framework; sourceTree = DEVELOPER_DIR; };
		F97B554416C7752A005AD777 /* AppNetCheckerTests-Info.plist */ = {isa = PBXFileReference; lastKnownFileType = text.plist.xml; path = "AppNetCheckerTests-Info.plist"; sourceTree = "<group>"; };
		F97B554616C7752A005AD777 /* en */ = {isa = PBXFileReference; lastKnownFileType = text.plist.strings; name = en; path = en.lproj/InfoPlist.strings; sourceTree = "<group>"; };
		F97B555416C77FCB005AD777 /* XIGTwitterAccountStore.h */ = {isa = PBXFileReference; fileEncoding = 4; lastKnownFileType = sourcecode.c.h; path = XIGTwitterAccountStore.h; sourceTree = "<group>"; };
		F97B555516C77FCB005AD777 /* XIGTwitterAccountStore.m */ = {isa = PBXFileReference; fileEncoding = 4; lastKnownFileType = sourcecode.c.objc; path = XIGTwitterAccountStore.m; sourceTree = "<group>"; };
		F97B555716C78034005AD777 /* Accounts.framework */ = {isa = PBXFileReference; lastKnownFileType = wrapper.framework; name = Accounts.framework; path = System/Library/Frameworks/Accounts.framework; sourceTree = SDKROOT; };
		F97B555C16C78F41005AD777 /* XIGTwitterAccountStoreSpec.m */ = {isa = PBXFileReference; fileEncoding = 4; lastKnownFileType = sourcecode.c.objc; path = XIGTwitterAccountStoreSpec.m; sourceTree = "<group>"; };
		F97B555E16C7917C005AD777 /* KiwiHack.h */ = {isa = PBXFileReference; lastKnownFileType = sourcecode.c.h; name = KiwiHack.h; path = ../AppNetChecker/KiwiHack.h; sourceTree = "<group>"; };
		F97B555F16C79D4A005AD777 /* Social.framework */ = {isa = PBXFileReference; lastKnownFileType = wrapper.framework; name = Social.framework; path = System/Library/Frameworks/Social.framework; sourceTree = SDKROOT; };
		F97B556216C7A469005AD777 /* FakeAccountStore.h */ = {isa = PBXFileReference; fileEncoding = 4; lastKnownFileType = sourcecode.c.h; path = FakeAccountStore.h; sourceTree = "<group>"; };
		F97B556316C7A469005AD777 /* FakeAccountStore.m */ = {isa = PBXFileReference; fileEncoding = 4; lastKnownFileType = sourcecode.c.objc; path = FakeAccountStore.m; sourceTree = "<group>"; };
		F97B556516C7AB2C005AD777 /* XIGAccountPickerViewController.h */ = {isa = PBXFileReference; fileEncoding = 4; lastKnownFileType = sourcecode.c.h; path = XIGAccountPickerViewController.h; sourceTree = "<group>"; };
		F97B556616C7AB2C005AD777 /* XIGAccountPickerViewController.m */ = {isa = PBXFileReference; fileEncoding = 4; lastKnownFileType = sourcecode.c.objc; path = XIGAccountPickerViewController.m; sourceTree = "<group>"; };
		F97B556D16C7AC5F005AD777 /* XIGAccountPickerSpec.m */ = {isa = PBXFileReference; fileEncoding = 4; lastKnownFileType = sourcecode.c.objc; path = XIGAccountPickerSpec.m; sourceTree = "<group>"; };
		F97B556F16C7ACB0005AD777 /* UIStoryboardSpec.m */ = {isa = PBXFileReference; fileEncoding = 4; lastKnownFileType = sourcecode.c.objc; path = UIStoryboardSpec.m; sourceTree = "<group>"; };
		F97B557116C7AD5A005AD777 /* UIStoryboard+AppNetChecker.h */ = {isa = PBXFileReference; fileEncoding = 4; lastKnownFileType = sourcecode.c.h; path = "UIStoryboard+AppNetChecker.h"; sourceTree = "<group>"; };
		F97B557216C7AD5A005AD777 /* UIStoryboard+AppNetChecker.m */ = {isa = PBXFileReference; fileEncoding = 4; lastKnownFileType = sourcecode.c.objc; path = "UIStoryboard+AppNetChecker.m"; sourceTree = "<group>"; };
		F982C4CE16D0C3AD00B7B9A3 /* CFNetwork.framework */ = {isa = PBXFileReference; lastKnownFileType = wrapper.framework; name = CFNetwork.framework; path = System/Library/Frameworks/CFNetwork.framework; sourceTree = SDKROOT; };
		F991A61516CB802C00BDB36F /* friendsId.json */ = {isa = PBXFileReference; fileEncoding = 4; lastKnownFileType = text.json; path = friendsId.json; sourceTree = "<group>"; };
		F991A61716CB809C00BDB36F /* KWSpec+Fixture.h */ = {isa = PBXFileReference; fileEncoding = 4; lastKnownFileType = sourcecode.c.h; path = "KWSpec+Fixture.h"; sourceTree = "<group>"; };
		F991A61816CB809C00BDB36F /* KWSpec+Fixture.m */ = {isa = PBXFileReference; fileEncoding = 4; lastKnownFileType = sourcecode.c.objc; path = "KWSpec+Fixture.m"; sourceTree = "<group>"; };
		F991A61A16CBBF7B00BDB36F /* friendsIdWithNextPage.json */ = {isa = PBXFileReference; fileEncoding = 4; lastKnownFileType = text.json; path = friendsIdWithNextPage.json; sourceTree = "<group>"; };
		F9ACF72516C8F99700539A23 /* XIGAccountErrorCellSpec.m */ = {isa = PBXFileReference; fileEncoding = 4; lastKnownFileType = sourcecode.c.objc; path = XIGAccountErrorCellSpec.m; sourceTree = "<group>"; };
		F9ACF72716C8FB8800539A23 /* XIGAccountError.h */ = {isa = PBXFileReference; lastKnownFileType = sourcecode.c.h; path = XIGAccountError.h; sourceTree = "<group>"; };
		F9BBFF5F16CA77E300CEE372 /* XIGNSURLRequestBuilder.h */ = {isa = PBXFileReference; fileEncoding = 4; lastKnownFileType = sourcecode.c.h; path = XIGNSURLRequestBuilder.h; sourceTree = "<group>"; };
		F9BBFF6016CA77E300CEE372 /* XIGNSURLRequestBuilder.m */ = {isa = PBXFileReference; fileEncoding = 4; lastKnownFileType = sourcecode.c.objc; path = XIGNSURLRequestBuilder.m; sourceTree = "<group>"; };
		F9BBFF6216CA782A00CEE372 /* XIGNSURLRequestBuilderSpec.m */ = {isa = PBXFileReference; fileEncoding = 4; lastKnownFileType = sourcecode.c.objc; path = XIGNSURLRequestBuilderSpec.m; sourceTree = "<group>"; };
		F9BBFF6416CA79D900CEE372 /* ACAccount+XIGTest.h */ = {isa = PBXFileReference; fileEncoding = 4; lastKnownFileType = sourcecode.c.h; path = "ACAccount+XIGTest.h"; sourceTree = "<group>"; };
		F9BBFF6516CA79D900CEE372 /* ACAccount+XIGTest.m */ = {isa = PBXFileReference; fileEncoding = 4; lastKnownFileType = sourcecode.c.objc; path = "ACAccount+XIGTest.m"; sourceTree = "<group>"; };
		F9D52EB716CA02B800ABC885 /* XIGTwitterClientSpec.m */ = {isa = PBXFileReference; fileEncoding = 4; lastKnownFileType = sourcecode.c.objc; path = XIGTwitterClientSpec.m; sourceTree = "<group>"; };
		F9D52EB916CA043700ABC885 /* XIGTwitterClient.h */ = {isa = PBXFileReference; fileEncoding = 4; lastKnownFileType = sourcecode.c.h; path = XIGTwitterClient.h; sourceTree = "<group>"; };
		F9D52EBA16CA043700ABC885 /* XIGTwitterClient.m */ = {isa = PBXFileReference; fileEncoding = 4; lastKnownFileType = sourcecode.c.objc; path = XIGTwitterClient.m; sourceTree = "<group>"; };
		F9D52EBF16CA0C9E00ABC885 /* XIGTwitterClient+Private.h */ = {isa = PBXFileReference; lastKnownFileType = sourcecode.c.h; path = "XIGTwitterClient+Private.h"; sourceTree = "<group>"; };
		F9D52EC916CA225700ABC885 /* NSObject+XIGKiwiMockAddition.h */ = {isa = PBXFileReference; fileEncoding = 4; lastKnownFileType = sourcecode.c.h; path = "NSObject+XIGKiwiMockAddition.h"; sourceTree = "<group>"; };
		F9D52ECA16CA225700ABC885 /* NSObject+XIGKiwiMockAddition.m */ = {isa = PBXFileReference; fileEncoding = 4; lastKnownFileType = sourcecode.c.objc; path = "NSObject+XIGKiwiMockAddition.m"; sourceTree = "<group>"; };
/* End PBXFileReference section */

/* Begin PBXFrameworksBuildPhase section */
		F97B550F16C7752A005AD777 /* Frameworks */ = {
			isa = PBXFrameworksBuildPhase;
			buildActionMask = 2147483647;
			files = (
				F90C201916C8BC4F00F29905 /* Social.framework in Frameworks */,
				F97B555916C78046005AD777 /* Accounts.framework in Frameworks */,
				F97B551616C7752A005AD777 /* UIKit.framework in Frameworks */,
				F97B551816C7752A005AD777 /* Foundation.framework in Frameworks */,
				F97B551A16C7752A005AD777 /* CoreGraphics.framework in Frameworks */,
				C28CEACFFAEB49CD958D3A20 /* libPods.a in Frameworks */,
			);
			runOnlyForDeploymentPostprocessing = 0;
		};
		F97B553716C7752A005AD777 /* Frameworks */ = {
			isa = PBXFrameworksBuildPhase;
			buildActionMask = 2147483647;
			files = (
				F982C4CF16D0C3AD00B7B9A3 /* CFNetwork.framework in Frameworks */,
				F9ACF72816C901FB00539A23 /* CoreGraphics.framework in Frameworks */,
				F90C202016C8E09100F29905 /* Social.framework in Frameworks */,
				F97B556116C79DF8005AD777 /* Accounts.framework in Frameworks */,
				F97B553D16C7752A005AD777 /* SenTestingKit.framework in Frameworks */,
				F97B553E16C7752A005AD777 /* UIKit.framework in Frameworks */,
				F97B553F16C7752A005AD777 /* Foundation.framework in Frameworks */,
				7E6E481E263742F9A0C55CB8 /* libPods-AppNetCheckerTests.a in Frameworks */,
			);
			runOnlyForDeploymentPostprocessing = 0;
		};
/* End PBXFrameworksBuildPhase section */

/* Begin PBXGroup section */
		F97B550916C7752A005AD777 = {
			isa = PBXGroup;
			children = (
				F97B551B16C7752A005AD777 /* AppNetChecker */,
				F97B554216C7752A005AD777 /* AppNetCheckerTests */,
				F97B551416C7752A005AD777 /* Frameworks */,
				F97B551316C7752A005AD777 /* Products */,
				77644BD0F970460FAC7B1976 /* Pods.xcconfig */,
				9DDEF45281FD4CE59F75EA06 /* Pods-AppNetCheckerTests.xcconfig */,
			);
			sourceTree = "<group>";
		};
		F97B551316C7752A005AD777 /* Products */ = {
			isa = PBXGroup;
			children = (
				F97B551216C7752A005AD777 /* AppNetChecker.app */,
				F97B553B16C7752A005AD777 /* AppNetCheckerTests.octest */,
			);
			name = Products;
			sourceTree = "<group>";
		};
		F97B551416C7752A005AD777 /* Frameworks */ = {
			isa = PBXGroup;
			children = (
				F982C4CE16D0C3AD00B7B9A3 /* CFNetwork.framework */,
				F97B555F16C79D4A005AD777 /* Social.framework */,
				F97B555716C78034005AD777 /* Accounts.framework */,
				F97B551516C7752A005AD777 /* UIKit.framework */,
				F97B551716C7752A005AD777 /* Foundation.framework */,
				F97B551916C7752A005AD777 /* CoreGraphics.framework */,
				F97B553C16C7752A005AD777 /* SenTestingKit.framework */,
				773C3C7EAB274B1BA845227F /* libPods.a */,
				164169FAEA284DC88A60012F /* libPods-AppNetCheckerTests.a */,
			);
			name = Frameworks;
			sourceTree = "<group>";
		};
		F97B551B16C7752A005AD777 /* AppNetChecker */ = {
			isa = PBXGroup;
			children = (
				F97B552416C7752A005AD777 /* XIGAppDelegate.h */,
				F97B552516C7752A005AD777 /* XIGAppDelegate.m */,
				F97B552D16C7752A005AD777 /* MainStoryboard.storyboard */,
				F97B551C16C7752A005AD777 /* Supporting Files */,
				F9ACF72716C8FB8800539A23 /* XIGAccountError.h */,
				F97B555416C77FCB005AD777 /* XIGTwitterAccountStore.h */,
				F97B555516C77FCB005AD777 /* XIGTwitterAccountStore.m */,
				F97B556516C7AB2C005AD777 /* XIGAccountPickerViewController.h */,
				F97B556616C7AB2C005AD777 /* XIGAccountPickerViewController.m */,
				F97B557116C7AD5A005AD777 /* UIStoryboard+AppNetChecker.h */,
				F97B557216C7AD5A005AD777 /* UIStoryboard+AppNetChecker.m */,
				F90C201A16C8BC8600F29905 /* UIViewController+SLServiceHack.h */,
				F90C201B16C8BC8600F29905 /* UIViewController+SLServiceHack.m */,
				F90C202116C8EF3100F29905 /* XIGAccountErrorCell.h */,
				F90C202216C8EF3100F29905 /* XIGAccountErrorCell.m */,
				F9D52EBF16CA0C9E00ABC885 /* XIGTwitterClient+Private.h */,
				F9D52EB916CA043700ABC885 /* XIGTwitterClient.h */,
				F9D52EBA16CA043700ABC885 /* XIGTwitterClient.m */,
				F9BBFF5F16CA77E300CEE372 /* XIGNSURLRequestBuilder.h */,
				F9BBFF6016CA77E300CEE372 /* XIGNSURLRequestBuilder.m */,
			);
			path = AppNetChecker;
			sourceTree = "<group>";
		};
		F97B551C16C7752A005AD777 /* Supporting Files */ = {
			isa = PBXGroup;
			children = (
				F97B551D16C7752A005AD777 /* AppNetChecker-Info.plist */,
				F97B551E16C7752A005AD777 /* InfoPlist.strings */,
				F97B552116C7752A005AD777 /* main.m */,
				F97B552316C7752A005AD777 /* AppNetChecker-Prefix.pch */,
				F97B552716C7752A005AD777 /* Default.png */,
				F97B552916C7752A005AD777 /* Default@2x.png */,
				F97B552B16C7752A005AD777 /* Default-568h@2x.png */,
			);
			name = "Supporting Files";
			sourceTree = "<group>";
		};
		F97B554216C7752A005AD777 /* AppNetCheckerTests */ = {
			isa = PBXGroup;
			children = (
				F991A61716CB809C00BDB36F /* KWSpec+Fixture.h */,
				F991A61816CB809C00BDB36F /* KWSpec+Fixture.m */,
				F991A61516CB802C00BDB36F /* friendsId.json */,
				F991A61A16CBBF7B00BDB36F /* friendsIdWithNextPage.json */,
				F9BBFF6716CA7B3700CEE372 /* Spec Helpers */,
				F97B554316C7752A005AD777 /* Supporting Files */,
				F97B555C16C78F41005AD777 /* XIGTwitterAccountStoreSpec.m */,
				F97B556D16C7AC5F005AD777 /* XIGAccountPickerSpec.m */,
				F97B556F16C7ACB0005AD777 /* UIStoryboardSpec.m */,
				F97B556216C7A469005AD777 /* FakeAccountStore.h */,
				F97B556316C7A469005AD777 /* FakeAccountStore.m */,
				F9ACF72516C8F99700539A23 /* XIGAccountErrorCellSpec.m */,
				F9BBFF6216CA782A00CEE372 /* XIGNSURLRequestBuilderSpec.m */,
				F9D52EB716CA02B800ABC885 /* XIGTwitterClientSpec.m */,
			);
			path = AppNetCheckerTests;
			sourceTree = "<group>";
		};
		F97B554316C7752A005AD777 /* Supporting Files */ = {
			isa = PBXGroup;
			children = (
				F97B554416C7752A005AD777 /* AppNetCheckerTests-Info.plist */,
				F97B554516C7752A005AD777 /* InfoPlist.strings */,
			);
			name = "Supporting Files";
			sourceTree = "<group>";
		};
		F9BBFF6716CA7B3700CEE372 /* Spec Helpers */ = {
			isa = PBXGroup;
			children = (
				F9BBFF6416CA79D900CEE372 /* ACAccount+XIGTest.h */,
				F9BBFF6516CA79D900CEE372 /* ACAccount+XIGTest.m */,
				F97B555E16C7917C005AD777 /* KiwiHack.h */,
				F9D52EC916CA225700ABC885 /* NSObject+XIGKiwiMockAddition.h */,
				F9D52ECA16CA225700ABC885 /* NSObject+XIGKiwiMockAddition.m */,
			);
			name = "Spec Helpers";
			sourceTree = "<group>";
		};
/* End PBXGroup section */

/* Begin PBXNativeTarget section */
		F97B551116C7752A005AD777 /* AppNetChecker */ = {
			isa = PBXNativeTarget;
			buildConfigurationList = F97B554D16C7752A005AD777 /* Build configuration list for PBXNativeTarget "AppNetChecker" */;
			buildPhases = (
				F97B550E16C7752A005AD777 /* Sources */,
				F97B550F16C7752A005AD777 /* Frameworks */,
				F97B551016C7752A005AD777 /* Resources */,
				88FDB60BEEEF4678B9CDC72C /* Copy Pods Resources */,
			);
			buildRules = (
			);
			dependencies = (
			);
			name = AppNetChecker;
			productName = AppNetChecker;
			productReference = F97B551216C7752A005AD777 /* AppNetChecker.app */;
			productType = "com.apple.product-type.application";
		};
		F97B553A16C7752A005AD777 /* AppNetCheckerTests */ = {
			isa = PBXNativeTarget;
			buildConfigurationList = F97B555016C7752A005AD777 /* Build configuration list for PBXNativeTarget "AppNetCheckerTests" */;
			buildPhases = (
				F97B553616C7752A005AD777 /* Sources */,
				F97B553716C7752A005AD777 /* Frameworks */,
				F97B553816C7752A005AD777 /* Resources */,
				F97B553916C7752A005AD777 /* ShellScript */,
				1D01D6B649FC474AB4565B14 /* Copy Pods Resources */,
			);
			buildRules = (
			);
			dependencies = (
				F97B554116C7752A005AD777 /* PBXTargetDependency */,
			);
			name = AppNetCheckerTests;
			productName = AppNetCheckerTests;
			productReference = F97B553B16C7752A005AD777 /* AppNetCheckerTests.octest */;
			productType = "com.apple.product-type.bundle";
		};
/* End PBXNativeTarget section */

/* Begin PBXProject section */
		F97B550A16C7752A005AD777 /* Project object */ = {
			isa = PBXProject;
			attributes = {
				CLASSPREFIX = XIG;
				LastUpgradeCheck = 0460;
				ORGANIZATIONNAME = XiaoGou;
			};
			buildConfigurationList = F97B550D16C7752A005AD777 /* Build configuration list for PBXProject "AppNetChecker" */;
			compatibilityVersion = "Xcode 3.2";
			developmentRegion = English;
			hasScannedForEncodings = 0;
			knownRegions = (
				en,
			);
			mainGroup = F97B550916C7752A005AD777;
			productRefGroup = F97B551316C7752A005AD777 /* Products */;
			projectDirPath = "";
			projectRoot = "";
			targets = (
				F97B551116C7752A005AD777 /* AppNetChecker */,
				F97B553A16C7752A005AD777 /* AppNetCheckerTests */,
			);
		};
/* End PBXProject section */

/* Begin PBXResourcesBuildPhase section */
		F97B551016C7752A005AD777 /* Resources */ = {
			isa = PBXResourcesBuildPhase;
			buildActionMask = 2147483647;
			files = (
				F97B552016C7752A005AD777 /* InfoPlist.strings in Resources */,
				F97B552816C7752A005AD777 /* Default.png in Resources */,
				F97B552A16C7752A005AD777 /* Default@2x.png in Resources */,
				F97B552C16C7752A005AD777 /* Default-568h@2x.png in Resources */,
				F97B552F16C7752A005AD777 /* MainStoryboard.storyboard in Resources */,
			);
			runOnlyForDeploymentPostprocessing = 0;
		};
		F97B553816C7752A005AD777 /* Resources */ = {
			isa = PBXResourcesBuildPhase;
			buildActionMask = 2147483647;
			files = (
				F97B554716C7752A005AD777 /* InfoPlist.strings in Resources */,
				F991A61616CB802C00BDB36F /* friendsId.json in Resources */,
				F991A61B16CBBF7B00BDB36F /* friendsIdWithNextPage.json in Resources */,
			);
			runOnlyForDeploymentPostprocessing = 0;
		};
/* End PBXResourcesBuildPhase section */

/* Begin PBXShellScriptBuildPhase section */
		1D01D6B649FC474AB4565B14 /* Copy Pods Resources */ = {
			isa = PBXShellScriptBuildPhase;
			buildActionMask = 2147483647;
			files = (
			);
			inputPaths = (
			);
			name = "Copy Pods Resources";
			outputPaths = (
			);
			runOnlyForDeploymentPostprocessing = 0;
			shellPath = /bin/sh;
			shellScript = "\"${SRCROOT}/Pods/Pods-AppNetCheckerTests-resources.sh\"\n";
		};
		88FDB60BEEEF4678B9CDC72C /* Copy Pods Resources */ = {
			isa = PBXShellScriptBuildPhase;
			buildActionMask = 2147483647;
			files = (
			);
			inputPaths = (
			);
			name = "Copy Pods Resources";
			outputPaths = (
			);
			runOnlyForDeploymentPostprocessing = 0;
			shellPath = /bin/sh;
			shellScript = "\"${SRCROOT}/Pods/Pods-resources.sh\"\n";
		};
		F97B553916C7752A005AD777 /* ShellScript */ = {
			isa = PBXShellScriptBuildPhase;
			buildActionMask = 2147483647;
			files = (
			);
			inputPaths = (
			);
			outputPaths = (
			);
			runOnlyForDeploymentPostprocessing = 0;
			shellPath = /bin/sh;
			shellScript = "# Run the unit tests in this test bundle.\n\"${SYSTEM_DEVELOPER_DIR}/Tools/RunUnitTests\"\n";
		};
/* End PBXShellScriptBuildPhase section */

/* Begin PBXSourcesBuildPhase section */
		F97B550E16C7752A005AD777 /* Sources */ = {
			isa = PBXSourcesBuildPhase;
			buildActionMask = 2147483647;
			files = (
				F97B552216C7752A005AD777 /* main.m in Sources */,
				F97B552616C7752A005AD777 /* XIGAppDelegate.m in Sources */,
				F97B555616C77FCB005AD777 /* XIGTwitterAccountStore.m in Sources */,
				F97B556716C7AB2C005AD777 /* XIGAccountPickerViewController.m in Sources */,
				F97B557316C7AD5A005AD777 /* UIStoryboard+AppNetChecker.m in Sources */,
				F90C201C16C8BC8600F29905 /* UIViewController+SLServiceHack.m in Sources */,
				F90C202316C8EF3100F29905 /* XIGAccountErrorCell.m in Sources */,
				F9D52EBB16CA043700ABC885 /* XIGTwitterClient.m in Sources */,
				F9BBFF6116CA77E300CEE372 /* XIGNSURLRequestBuilder.m in Sources */,
			);
			runOnlyForDeploymentPostprocessing = 0;
		};
		F97B553616C7752A005AD777 /* Sources */ = {
			isa = PBXSourcesBuildPhase;
			buildActionMask = 2147483647;
			files = (
				F97B555D16C78F41005AD777 /* XIGTwitterAccountStoreSpec.m in Sources */,
				F97B556416C7A469005AD777 /* FakeAccountStore.m in Sources */,
				F97B556E16C7AC5F005AD777 /* XIGAccountPickerSpec.m in Sources */,
				F97B557016C7ACB0005AD777 /* UIStoryboardSpec.m in Sources */,
				F9ACF72616C8F99700539A23 /* XIGAccountErrorCellSpec.m in Sources */,
				F9D52EB816CA02B800ABC885 /* XIGTwitterClientSpec.m in Sources */,
				F9D52ECB16CA225700ABC885 /* NSObject+XIGKiwiMockAddition.m in Sources */,
				F9BBFF6316CA782A00CEE372 /* XIGNSURLRequestBuilderSpec.m in Sources */,
				F9BBFF6616CA79D900CEE372 /* ACAccount+XIGTest.m in Sources */,
				F991A61916CB809C00BDB36F /* KWSpec+Fixture.m in Sources */,
			);
			runOnlyForDeploymentPostprocessing = 0;
		};
/* End PBXSourcesBuildPhase section */

/* Begin PBXTargetDependency section */
		F97B554116C7752A005AD777 /* PBXTargetDependency */ = {
			isa = PBXTargetDependency;
			target = F97B551116C7752A005AD777 /* AppNetChecker */;
			targetProxy = F97B554016C7752A005AD777 /* PBXContainerItemProxy */;
		};
/* End PBXTargetDependency section */

/* Begin PBXVariantGroup section */
		F97B551E16C7752A005AD777 /* InfoPlist.strings */ = {
			isa = PBXVariantGroup;
			children = (
				F97B551F16C7752A005AD777 /* en */,
			);
			name = InfoPlist.strings;
			sourceTree = "<group>";
		};
		F97B552D16C7752A005AD777 /* MainStoryboard.storyboard */ = {
			isa = PBXVariantGroup;
			children = (
				F97B552E16C7752A005AD777 /* en */,
			);
			name = MainStoryboard.storyboard;
			sourceTree = "<group>";
		};
		F97B554516C7752A005AD777 /* InfoPlist.strings */ = {
			isa = PBXVariantGroup;
			children = (
				F97B554616C7752A005AD777 /* en */,
			);
			name = InfoPlist.strings;
			sourceTree = "<group>";
		};
/* End PBXVariantGroup section */

/* Begin XCBuildConfiguration section */
		F97B554B16C7752A005AD777 /* Debug */ = {
			isa = XCBuildConfiguration;
			buildSettings = {
				ALWAYS_SEARCH_USER_PATHS = NO;
				CLANG_CXX_LANGUAGE_STANDARD = "gnu++0x";
				CLANG_CXX_LIBRARY = "libc++";
				CLANG_ENABLE_OBJC_ARC = YES;
				CLANG_WARN_CONSTANT_CONVERSION = YES;
				CLANG_WARN_EMPTY_BODY = YES;
				CLANG_WARN_ENUM_CONVERSION = YES;
				CLANG_WARN_INT_CONVERSION = YES;
				CLANG_WARN__DUPLICATE_METHOD_MATCH = YES;
				"CODE_SIGN_IDENTITY[sdk=iphoneos*]" = "iPhone Developer";
				COPY_PHASE_STRIP = NO;
				GCC_C_LANGUAGE_STANDARD = gnu99;
				GCC_DYNAMIC_NO_PIC = NO;
				GCC_OPTIMIZATION_LEVEL = 0;
				GCC_PREPROCESSOR_DEFINITIONS = (
					"DEBUG=1",
					"$(inherited)",
				);
				GCC_SYMBOLS_PRIVATE_EXTERN = NO;
				GCC_WARN_ABOUT_RETURN_TYPE = YES;
				GCC_WARN_UNINITIALIZED_AUTOS = YES;
				GCC_WARN_UNUSED_VARIABLE = YES;
				IPHONEOS_DEPLOYMENT_TARGET = 6.1;
				ONLY_ACTIVE_ARCH = YES;
				SDKROOT = iphoneos;
			};
			name = Debug;
		};
		F97B554C16C7752A005AD777 /* Release */ = {
			isa = XCBuildConfiguration;
			buildSettings = {
				ALWAYS_SEARCH_USER_PATHS = NO;
				CLANG_CXX_LANGUAGE_STANDARD = "gnu++0x";
				CLANG_CXX_LIBRARY = "libc++";
				CLANG_ENABLE_OBJC_ARC = YES;
				CLANG_WARN_CONSTANT_CONVERSION = YES;
				CLANG_WARN_EMPTY_BODY = YES;
				CLANG_WARN_ENUM_CONVERSION = YES;
				CLANG_WARN_INT_CONVERSION = YES;
				CLANG_WARN__DUPLICATE_METHOD_MATCH = YES;
				"CODE_SIGN_IDENTITY[sdk=iphoneos*]" = "iPhone Developer";
				COPY_PHASE_STRIP = YES;
				GCC_C_LANGUAGE_STANDARD = gnu99;
				GCC_WARN_ABOUT_RETURN_TYPE = YES;
				GCC_WARN_UNINITIALIZED_AUTOS = YES;
				GCC_WARN_UNUSED_VARIABLE = YES;
				IPHONEOS_DEPLOYMENT_TARGET = 6.1;
				OTHER_CFLAGS = "-DNS_BLOCK_ASSERTIONS=1";
				SDKROOT = iphoneos;
				VALIDATE_PRODUCT = YES;
			};
			name = Release;
		};
		F97B554E16C7752A005AD777 /* Debug */ = {
			isa = XCBuildConfiguration;
			baseConfigurationReference = 77644BD0F970460FAC7B1976 /* Pods.xcconfig */;
			buildSettings = {
				GCC_PRECOMPILE_PREFIX_HEADER = YES;
				GCC_PREFIX_HEADER = "AppNetChecker/AppNetChecker-Prefix.pch";
				INFOPLIST_FILE = "AppNetChecker/AppNetChecker-Info.plist";
				PRODUCT_NAME = "$(TARGET_NAME)";
				WRAPPER_EXTENSION = app;
			};
			name = Debug;
		};
		F97B554F16C7752A005AD777 /* Release */ = {
			isa = XCBuildConfiguration;
			baseConfigurationReference = 77644BD0F970460FAC7B1976 /* Pods.xcconfig */;
			buildSettings = {
				GCC_PRECOMPILE_PREFIX_HEADER = YES;
				GCC_PREFIX_HEADER = "AppNetChecker/AppNetChecker-Prefix.pch";
				INFOPLIST_FILE = "AppNetChecker/AppNetChecker-Info.plist";
				PRODUCT_NAME = "$(TARGET_NAME)";
				WRAPPER_EXTENSION = app;
			};
			name = Release;
		};
		F97B555116C7752A005AD777 /* Debug */ = {
			isa = XCBuildConfiguration;
			baseConfigurationReference = 9DDEF45281FD4CE59F75EA06 /* Pods-AppNetCheckerTests.xcconfig */;
			buildSettings = {
				BUNDLE_LOADER = "$(BUILT_PRODUCTS_DIR)/AppNetChecker.app/AppNetChecker";
				FRAMEWORK_SEARCH_PATHS = (
					"\"$(SDKROOT)/Developer/Library/Frameworks\"",
					"\"$(DEVELOPER_LIBRARY_DIR)/Frameworks\"",
				);
				GCC_PRECOMPILE_PREFIX_HEADER = YES;
				GCC_PREFIX_HEADER = "AppNetChecker/AppNetChecker-Prefix.pch";
				INFOPLIST_FILE = "AppNetCheckerTests/AppNetCheckerTests-Info.plist";
				PRODUCT_NAME = "$(TARGET_NAME)";
				TEST_HOST = "$(BUNDLE_LOADER)";
				WRAPPER_EXTENSION = octest;
			};
			name = Debug;
		};
		F97B555216C7752A005AD777 /* Release */ = {
			isa = XCBuildConfiguration;
			baseConfigurationReference = 9DDEF45281FD4CE59F75EA06 /* Pods-AppNetCheckerTests.xcconfig */;
			buildSettings = {
				BUNDLE_LOADER = "$(BUILT_PRODUCTS_DIR)/AppNetChecker.app/AppNetChecker";
				FRAMEWORK_SEARCH_PATHS = (
					"\"$(SDKROOT)/Developer/Library/Frameworks\"",
					"\"$(DEVELOPER_LIBRARY_DIR)/Frameworks\"",
				);
				GCC_PRECOMPILE_PREFIX_HEADER = YES;
				GCC_PREFIX_HEADER = "AppNetChecker/AppNetChecker-Prefix.pch";
				INFOPLIST_FILE = "AppNetCheckerTests/AppNetCheckerTests-Info.plist";
				PRODUCT_NAME = "$(TARGET_NAME)";
				TEST_HOST = "$(BUNDLE_LOADER)";
				WRAPPER_EXTENSION = octest;
			};
			name = Release;
		};
/* End XCBuildConfiguration section */

/* Begin XCConfigurationList section */
		F97B550D16C7752A005AD777 /* Build configuration list for PBXProject "AppNetChecker" */ = {
			isa = XCConfigurationList;
			buildConfigurations = (
				F97B554B16C7752A005AD777 /* Debug */,
				F97B554C16C7752A005AD777 /* Release */,
			);
			defaultConfigurationIsVisible = 0;
			defaultConfigurationName = Release;
		};
		F97B554D16C7752A005AD777 /* Build configuration list for PBXNativeTarget "AppNetChecker" */ = {
			isa = XCConfigurationList;
			buildConfigurations = (
				F97B554E16C7752A005AD777 /* Debug */,
				F97B554F16C7752A005AD777 /* Release */,
			);
			defaultConfigurationIsVisible = 0;
			defaultConfigurationName = Release;
		};
		F97B555016C7752A005AD777 /* Build configuration list for PBXNativeTarget "AppNetCheckerTests" */ = {
			isa = XCConfigurationList;
			buildConfigurations = (
				F97B555116C7752A005AD777 /* Debug */,
				F97B555216C7752A005AD777 /* Release */,
			);
			defaultConfigurationIsVisible = 0;
			defaultConfigurationName = Release;
		};
/* End XCConfigurationList section */
	};
	rootObject = F97B550A16C7752A005AD777 /* Project object */;
}
