
PODS:
- AFNetworking (1.1.0)
- GVUserDefaults (0.9.0)
- InflectorKit (0.0.1)
- JRSwizzle (1.0)
- Kiwi (2.0.5)
- Mantle (0.2.3):
  - libextobjc/EXTKeyPathCoding
  - libextobjc/EXTScope
- Nocilla (0.2)
- ReactiveCocoa (0.17.1):
  - ReactiveCocoa/Core (= 0.17.1)
  - ReactiveCocoa/RACExtensions (= 0.17.1)
- ReactiveCocoa/Core (0.17.1):
  - JRSwizzle (~> 1.0)
  - libextobjc/EXTConcreteProtocol (~> 0.2.5)
  - libextobjc/EXTKeyPathCoding (~> 0.2.5)
  - libextobjc/EXTScope (~> 0.2.5)
- ReactiveCocoa/RACExtensions (0.17.1):
  - ReactiveCocoa/Core
- libextobjc/EXTConcreteProtocol (0.2.5):
  - libextobjc/RuntimeExtensions
- libextobjc/EXTKeyPathCoding (0.2.5):
  - libextobjc/RuntimeExtensions
- libextobjc/EXTScope (0.2.5):
  - libextobjc/RuntimeExtensions
- libextobjc/RuntimeExtensions (0.2.5)

DEPENDENCIES:
- AFNetworking (~> 1.1.0)
- GVUserDefaults (~> 0.9.0)
- InflectorKit (~> 0.0.1)
- Kiwi (~> 2.0.5)
- Mantle (~> 0.2.3)
- Nocilla (= 0.2)
- ReactiveCocoa (~> 0.17.1)

SPEC CHECKSUMS:
  AFNetworking: 761a418233d280c1e0580bcb76ff9cb4c3073d17
  GVUserDefaults: 7cbb1b5c05d565160b366b2d0a6d6a9f9c3753ce
  InflectorKit: 9dccab02f95541093995adac639342c9eb9e6c12
  JRSwizzle: 6242ff38485d870fc2636899048ee1ab883ae587
  Mantle: 4a20405b7aba3452007294badee2b3cb137825c3
  ReactiveCocoa: c4b15968904b2e3aa1fce4f1efc8f36df1b4073d
  ReactiveCocoa/Core: c4b15968904b2e3aa1fce4f1efc8f36df1b4073d
  ReactiveCocoa/RACExtensions: c4b15968904b2e3aa1fce4f1efc8f36df1b4073d
  libextobjc/EXTConcreteProtocol: 2cbc74caf8bdc74a86fdf24673f773c83424ea98
  libextobjc/EXTKeyPathCoding: 2cbc74caf8bdc74a86fdf24673f773c83424ea98
  libextobjc/EXTScope: 2cbc74caf8bdc74a86fdf24673f773c83424ea98
  libextobjc/RuntimeExtensions: 2cbc74caf8bdc74a86fdf24673f773c83424ea98
  Kiwi: 89ade77eb49c889178cb2779e02514a7b9b9449e
  Nocilla: f2bb30a66e09fb03426a084f095c5791d46e2e26

COCOAPODS: 0.16.0
